// !$*UTF8*$!
{
	archiveVersion = 1;
	classes = {
	};
	objectVersion = 73;
	objects = {

/* Begin PBXBuildFile section */
		481C77C42C3A6C71005D60EB /* Preview Assets.xcassets in Resources */ = {isa = PBXBuildFile; fileRef = 481C77C32C3A6C71005D60EB /* Preview Assets.xcassets */; };
		488158122C3C3CB6002A9CB4 /* Kingfisher in Frameworks */ = {isa = PBXBuildFile; productRef = 488158112C3C3CB6002A9CB4 /* Kingfisher */; };
		488158152C3C3CCC002A9CB4 /* CombineMoya in Frameworks */ = {isa = PBXBuildFile; productRef = 488158142C3C3CCC002A9CB4 /* CombineMoya */; };
		488158172C3C3CCC002A9CB4 /* Moya in Frameworks */ = {isa = PBXBuildFile; productRef = 488158162C3C3CCC002A9CB4 /* Moya */; };
		488158192C3C3CCC002A9CB4 /* ReactiveMoya in Frameworks */ = {isa = PBXBuildFile; productRef = 488158182C3C3CCC002A9CB4 /* ReactiveMoya */; };
		4881581B2C3C3CCC002A9CB4 /* RxMoya in Frameworks */ = {isa = PBXBuildFile; productRef = 4881581A2C3C3CCC002A9CB4 /* RxMoya */; };
		F9EDA9662C648D16005872DD /* Lottie in Frameworks */ = {isa = PBXBuildFile; productRef = F9EDA9652C648D16005872DD /* Lottie */; };
/* End PBXBuildFile section */

/* Begin PBXFileReference section */
		481C77B92C3A6C70005D60EB /* ttakkeun.app */ = {isa = PBXFileReference; explicitFileType = wrapper.application; includeInIndex = 0; path = ttakkeun.app; sourceTree = BUILT_PRODUCTS_DIR; };
		481C77C32C3A6C71005D60EB /* Preview Assets.xcassets */ = {isa = PBXFileReference; lastKnownFileType = folder.assetcatalog; path = "Preview Assets.xcassets"; sourceTree = "<group>"; };
		4835589F2C3D0A6B006AB282 /* Info.plist */ = {isa = PBXFileReference; lastKnownFileType = text.plist; path = Info.plist; sourceTree = "<group>"; };
		48A575E02C6C85CB0083BC19 /* ttakkeun.entitlements */ = {isa = PBXFileReference; lastKnownFileType = text.plist.entitlements; path = ttakkeun.entitlements; sourceTree = "<group>"; };
/* End PBXFileReference section */

/* Begin PBXFileSystemSynchronizedBuildFileExceptionSet section */
		482855322C4A5FE300A2DC80 /* PBXFileSystemSynchronizedBuildFileExceptionSet */ = {
			isa = PBXFileSystemSynchronizedBuildFileExceptionSet;
			membershipExceptions = (
				Diagnosis/AnswerButton.swift,
				Diagnosis/CheckQnAComponent.swift,
				Diagnosis/DiagnosisProductView.swift,
				Diagnosis/DiagnosisTopbutton.swift,
				Diagnosis/DiagnosticImages.swift,
				Diagnosis/JournalListCard.swift,
				Diagnosis/NotJournalList.swift,
				Diagnosis/SelectCareButton.swift,
				Diary/TodoCard.swift,
				ETC/CustomAlert.swift,
				ETC/CustomNavigation.swift,
				ETC/CustomTextEditor.swift,
				ETC/CustomTextField.swift,
				ETC/FloatingButton.swift,
				ETC/MainButton.swift,
				ETC/TopStatusBar.swift,
				Home/HomeAINotRecommend.swift,
				Home/HomeAIRecommendProduct.swift,
				Home/HomeBackCard.swift,
				Home/HomeFrontCard.swift,
				Home/HomeNotTodo.swift,
				Home/HomeTodoCircle.swift,
				Home/HomeUserRecommendProduct.swift,
				Home/ProfileImageCard.swift,
				Home/ToDoCheckList.swift,
				Login/AgreementDetailSheet.swift,
				Profile/BirthSelect.swift,
				Profile/MakeProfileButtonCustom.swift,
				Profile/MakeProfileNameTag.swift,
				Profile/ProfileSelect.swift,
				Profile/VarietySearch.swift,
				QnA/FloatingWrtieBtn.swift,
				QnA/TipContent.swift,
				QnA/TopTenQuestion.swift,
				QnA/WriteCategory.swift,
				Recommend/ProductSheetView.swift,
				Recommend/RecommendProduct.swift,
				Recommend/RecommendProductbyAI.swift,
				Recommend/RecommendSegment.swift,
				Schedule/CustomDiary.swift,
				Schedule/DiarySelectSheet.swift,
				Schedule/TodoCompleteEach.swift,
				Schedule/WeekBar.swift,
			);
			target = 481C77B82C3A6C70005D60EB /* ttakkeun */;
		};
		4835588A2C3D08E1006AB282 /* PBXFileSystemSynchronizedBuildFileExceptionSet */ = {
			isa = PBXFileSystemSynchronizedBuildFileExceptionSet;
			membershipExceptions = (
				Assets.xcassets,
				Color.swift,
				Color.xcassets,
				Fonts/Font.swift,
				Fonts/HSSanTokki.ttf,
				"Fonts/SUIT-Bold.otf",
				"Fonts/SUIT-ExtraBold.otf",
				"Fonts/SUIT-ExtraLight.otf",
				"Fonts/SUIT-Heavy.otf",
				"Fonts/SUIT-Light.otf",
				"Fonts/SUIT-Medium.otf",
				"Fonts/SUIT-Regular.otf",
				"Fonts/SUIT-SemiBold.otf",
				"Fonts/SUIT-Thin.otf",
				Icon.swift,
				KeyBoardHide.swift,
				KeyboardObserver.swift,
				ShadowReuse.swift,
				ttakkeunApp.swift,
			);
			target = 481C77B82C3A6C70005D60EB /* ttakkeun */;
		};
		483558A32C3D0F13006AB282 /* PBXFileSystemSynchronizedBuildFileExceptionSet */ = {
			isa = PBXFileSystemSynchronizedBuildFileExceptionSet;
			membershipExceptions = (
				CreateProfileView.swift,
				Diagnosis/CheckQnAView.swift,
				Diagnosis/DiagnosingView.swift,
				Diagnosis/DiagnosisHeader.swift,
				Diagnosis/DiagnosisResultView.swift,
				Diagnosis/DiagnosisView.swift,
				Diagnosis/JournalListView.swift,
				Diagnosis/JournalQuestionView.swift,
				Diagnosis/RegistDiagnosisFlowView.swift,
				Diagnosis/RegistDiagnosisPageContents.swift,
				HomeTab/CompactTodo.swift,
				HomeTab/ExpandTodo.swift,
				HomeTab/HomeDragView.swift,
				HomeTab/HomeProfileCard.swift,
				HomeTab/HomeView.swift,
				LoginView/AgreementView.swift,
				LoginView/LoginView.swift,
				LoginView/Onboarding.json,
				LoginView/OnboardingView.swift,
				LoginView/SignupView.swift,
				MyPage/MyPageDetailView.swift,
				MyPage/MyPageView.swift,
				ProfileView.swift,
				Qna/QnaFAQView.swift,
				Qna/QnaHeaderView.swift,
				Qna/QnaTipsView.swift,
				Qna/QnaView.swift,
				Qna/QnaWriteTipsView.swift,
				Schedule/ScheduleView.swift,
				Suggestion/SuggestionView.swift,
				TabView/CustomTab.swift,
				TabView/TabView.swift,
			);
			target = 481C77B82C3A6C70005D60EB /* ttakkeun */;
		};
		4863B2AA2C3D166000BDA2B4 /* PBXFileSystemSynchronizedBuildFileExceptionSet */ = {
			isa = PBXFileSystemSynchronizedBuildFileExceptionSet;
			membershipExceptions = (
				ImagePicker/PetImagePicker.swift,
				ImagePicker/ProfileImageRegistPicker.swift,
				ImagePicker/QnaImagePicker.swift,
				KeyChain/KeyChainManager.swift,
				KeyChain/UserInfo.swift,
				LoginManager/AppleLoginManager.swift,
				LoginManager/AppleUserData.swift,
				Navigation/DIContainer.swift,
				Navigation/NavigationDestination.swift,
				Navigation/NavigationRouter.swift,
				Navigation/NavigationRoutingView.swift,
				PetState.swift,
				Protocol/ImageHandling.swift,
				Protocol/ObservableObjectSettable.swift,
				Protocol/TodoCheckProtocol.swift,
				TokenRefresh/AccessTokenRefresher.swift,
				TokenRefresh/APIManager.swift,
				TokenRefresh/AuthAPITarget.swift,
				TokenRefresh/TokenProvider.swift,
				TokenRefresh/TokenProviding.swift,
				TokenRefresh/TokenResponse.swift,
			);
			target = 481C77B82C3A6C70005D60EB /* ttakkeun */;
		};
		4863B2B42C3D16BF00BDA2B4 /* PBXFileSystemSynchronizedBuildFileExceptionSet */ = {
			isa = PBXFileSystemSynchronizedBuildFileExceptionSet;
			membershipExceptions = (
				APIBaseURL.swift,
				DiagnosticResultAPITarget.swift,
				JournalAPITarget.swift,
				PetProfileAPITarget.swift,
				ProductRecommendAPITarget.swift,
				QnaTipsAPITarget.swift,
				ScheduleAPITarget.swift,
				TodoAPITarget.swift,
				UserLoginAPITarget.swift,
			);
			target = 481C77B82C3A6C70005D60EB /* ttakkeun */;
		};
		48D5D12D2C3E825500B2E6D5 /* PBXFileSystemSynchronizedBuildFileExceptionSet */ = {
			isa = PBXFileSystemSynchronizedBuildFileExceptionSet;
			membershipExceptions = (
				AgreementViewModel.swift,
				CustomDiaryViewModel.swift,
				Diagnostic/DiagnosticResultViewModel.swift,
				Diagnostic/JournalListViewModel.swift,
				Diary/CustomDiaryViewModel.swift,
				Diary/TodoCheckViewModel.swift,
				HomeProfileCardViewModel.swift,
				LoginOnBoarding/AgreementViewModel.swift,
				LoginOnBoarding/AppFlowViewModel.swift,
				LoginOnBoarding/LoginViewModel.swift,
				MyPageViewModel.swift,
				ProductViewModel.swift,
				Profile/CreateProfileViewModel.swift,
				Profile/ProfileCardViewModel.swift,
				QnA/QnaTipsViewModel.swift,
				QnA/QnaViewModel.swift,
				QnA/QnaWriteTipsViewModel.swift,
				RegistJournalViewModel.swift,
				ScheduleViewModel.swift,
			);
			target = 481C77B82C3A6C70005D60EB /* ttakkeun */;
		};
		48D5D1352C3E83A000B2E6D5 /* PBXFileSystemSynchronizedBuildFileExceptionSet */ = {
			isa = PBXFileSystemSynchronizedBuildFileExceptionSet;
			membershipExceptions = (
				Diagnostic/DiagnosisData.swift,
				Diagnostic/DiagnosticPoint.swift,
				Journal/CheckJournalQnA.swift,
				Journal/JournalListData.swift,
				Journal/JournalQuestionsData.swift,
				Journal/RegistJournalData.swift,
				Login/AgreementData.swift,
				Login/AgreementDetailData.swift,
				Login/LoginResponseData.swift,
				Login/SignUpData.swift,
				Login/SignUpResponseData.swift,
				PetProfile/CreatePetProfileRequestData.swift,
				PetProfile/HomeProfileData.swift,
				PetProfile/PetProfileData.swift,
				PetProfile/PetProfileImageData.swift,
				PetProfile/PetVarietyData.swift,
				Product/AIAndSearchProductData.swift,
				QnA/CategoryQnaJsonData.json,
				QnA/QnaFaqData.swift,
				QnA/QnaHeartChangeData.swift,
				QnA/QnaPostTipsData.swift,
				QnA/QnaTipsData.swift,
				QnA/TopTenQnaJsonData.json,
				RecommendProductData.swift,
				ResponseData.swift,
				Schedule/ScheduleInquiryData.swift,
				Schedule/TodoCompleteData.swift,
				ToDo/CorrectionTodo.swift,
				ToDo/CreateTodoData.swift,
			);
			target = 481C77B82C3A6C70005D60EB /* ttakkeun */;
		};
		48DDC3262C43D1E00058EBFF /* PBXFileSystemSynchronizedBuildFileExceptionSet */ = {
			isa = PBXFileSystemSynchronizedBuildFileExceptionSet;
			membershipExceptions = (
				AppState.swift,
				DiagnosisSegment.swift,
				PartItem.swift,
				ProfileType.swift,
				RecommendProductSegment.swift,
				TabCase.swift,
				TipsCategorySegment.swift,
			);
			target = 481C77B82C3A6C70005D60EB /* ttakkeun */;
		};
/* End PBXFileSystemSynchronizedBuildFileExceptionSet section */

/* Begin PBXFileSystemSynchronizedRootGroup section */
		4828552E2C4A5FD000A2DC80 /* Components */ = {isa = PBXFileSystemSynchronizedRootGroup; exceptions = (482855322C4A5FE300A2DC80 /* PBXFileSystemSynchronizedBuildFileExceptionSet */, ); explicitFileTypes = {}; explicitFolders = (); path = Components; sourceTree = "<group>"; };
		483558842C3D083F006AB282 /* SettingGroup */ = {isa = PBXFileSystemSynchronizedRootGroup; exceptions = (4835588A2C3D08E1006AB282 /* PBXFileSystemSynchronizedBuildFileExceptionSet */, ); explicitFileTypes = {}; explicitFolders = (); path = SettingGroup; sourceTree = "<group>"; };
		483558862C3D084F006AB282 /* ViewGroup */ = {isa = PBXFileSystemSynchronizedRootGroup; exceptions = (483558A32C3D0F13006AB282 /* PBXFileSystemSynchronizedBuildFileExceptionSet */, ); explicitFileTypes = {}; explicitFolders = (); path = ViewGroup; sourceTree = "<group>"; };
		4863B2A62C3D163C00BDA2B4 /* File */ = {isa = PBXFileSystemSynchronizedRootGroup; exceptions = (4863B2AA2C3D166000BDA2B4 /* PBXFileSystemSynchronizedBuildFileExceptionSet */, ); explicitFileTypes = {}; explicitFolders = (); path = File; sourceTree = "<group>"; };
		4863B2AF2C3D16AD00BDA2B4 /* APITarget */ = {isa = PBXFileSystemSynchronizedRootGroup; exceptions = (4863B2B42C3D16BF00BDA2B4 /* PBXFileSystemSynchronizedBuildFileExceptionSet */, ); explicitFileTypes = {}; explicitFolders = (); path = APITarget; sourceTree = "<group>"; };
		48D5D12B2C3E825500B2E6D5 /* ViewModelGroup */ = {isa = PBXFileSystemSynchronizedRootGroup; exceptions = (48D5D12D2C3E825500B2E6D5 /* PBXFileSystemSynchronizedBuildFileExceptionSet */, ); explicitFileTypes = {}; explicitFolders = (); path = ViewModelGroup; sourceTree = "<group>"; };
		48D5D12E2C3E827800B2E6D5 /* DataModelGroup */ = {isa = PBXFileSystemSynchronizedRootGroup; exceptions = (48D5D1352C3E83A000B2E6D5 /* PBXFileSystemSynchronizedBuildFileExceptionSet */, ); explicitFileTypes = {}; explicitFolders = (); path = DataModelGroup; sourceTree = "<group>"; };
		48DDC3232C43D1CF0058EBFF /* EnumFile */ = {isa = PBXFileSystemSynchronizedRootGroup; exceptions = (48DDC3262C43D1E00058EBFF /* PBXFileSystemSynchronizedBuildFileExceptionSet */, ); explicitFileTypes = {}; explicitFolders = (); path = EnumFile; sourceTree = "<group>"; };
/* End PBXFileSystemSynchronizedRootGroup section */

/* Begin PBXFrameworksBuildPhase section */
		481C77B62C3A6C70005D60EB /* Frameworks */ = {
			isa = PBXFrameworksBuildPhase;
			buildActionMask = 2147483647;
			files = (
				4881581B2C3C3CCC002A9CB4 /* RxMoya in Frameworks */,
				488158152C3C3CCC002A9CB4 /* CombineMoya in Frameworks */,
				488158192C3C3CCC002A9CB4 /* ReactiveMoya in Frameworks */,
				488158122C3C3CB6002A9CB4 /* Kingfisher in Frameworks */,
				488158172C3C3CCC002A9CB4 /* Moya in Frameworks */,
				F9EDA9662C648D16005872DD /* Lottie in Frameworks */,
			);
			runOnlyForDeploymentPostprocessing = 0;
		};
/* End PBXFrameworksBuildPhase section */

/* Begin PBXGroup section */
		481C77B02C3A6C70005D60EB = {
			isa = PBXGroup;
			children = (
				481C77BB2C3A6C70005D60EB /* ttakkeun */,
				481C77BA2C3A6C70005D60EB /* Products */,
			);
			sourceTree = "<group>";
		};
		481C77BA2C3A6C70005D60EB /* Products */ = {
			isa = PBXGroup;
			children = (
				481C77B92C3A6C70005D60EB /* ttakkeun.app */,
			);
			name = Products;
			sourceTree = "<group>";
		};
		481C77BB2C3A6C70005D60EB /* ttakkeun */ = {
			isa = PBXGroup;
			children = (
				48A575E02C6C85CB0083BC19 /* ttakkeun.entitlements */,
				4835589F2C3D0A6B006AB282 /* Info.plist */,
				4828552E2C4A5FD000A2DC80 /* Components */,
				48DDC3232C43D1CF0058EBFF /* EnumFile */,
				4863B2AF2C3D16AD00BDA2B4 /* APITarget */,
				4863B2A62C3D163C00BDA2B4 /* File */,
				48D5D12E2C3E827800B2E6D5 /* DataModelGroup */,
				48D5D12B2C3E825500B2E6D5 /* ViewModelGroup */,
				483558862C3D084F006AB282 /* ViewGroup */,
				483558842C3D083F006AB282 /* SettingGroup */,
				481C77C22C3A6C71005D60EB /* Preview Content */,
			);
			path = ttakkeun;
			sourceTree = "<group>";
		};
		481C77C22C3A6C71005D60EB /* Preview Content */ = {
			isa = PBXGroup;
			children = (
				481C77C32C3A6C71005D60EB /* Preview Assets.xcassets */,
			);
			path = "Preview Content";
			sourceTree = "<group>";
		};
/* End PBXGroup section */

/* Begin PBXNativeTarget section */
		481C77B82C3A6C70005D60EB /* ttakkeun */ = {
			isa = PBXNativeTarget;
			buildConfigurationList = 481C77C72C3A6C71005D60EB /* Build configuration list for PBXNativeTarget "ttakkeun" */;
			buildPhases = (
				481C77B52C3A6C70005D60EB /* Sources */,
				481C77B62C3A6C70005D60EB /* Frameworks */,
				481C77B72C3A6C70005D60EB /* Resources */,
			);
			buildRules = (
			);
			dependencies = (
			);
			name = ttakkeun;
			packageProductDependencies = (
				488158112C3C3CB6002A9CB4 /* Kingfisher */,
				488158142C3C3CCC002A9CB4 /* CombineMoya */,
				488158162C3C3CCC002A9CB4 /* Moya */,
				488158182C3C3CCC002A9CB4 /* ReactiveMoya */,
				4881581A2C3C3CCC002A9CB4 /* RxMoya */,
				F9EDA9652C648D16005872DD /* Lottie */,
			);
			productName = ttakkeun;
			productReference = 481C77B92C3A6C70005D60EB /* ttakkeun.app */;
			productType = "com.apple.product-type.application";
		};
/* End PBXNativeTarget section */

/* Begin PBXProject section */
		481C77B12C3A6C70005D60EB /* Project object */ = {
			isa = PBXProject;
			attributes = {
				BuildIndependentTargetsInParallel = 1;
				LastSwiftUpdateCheck = 1600;
				LastUpgradeCheck = 1600;
				TargetAttributes = {
					481C77B82C3A6C70005D60EB = {
						CreatedOnToolsVersion = 16.0;
					};
				};
			};
			buildConfigurationList = 481C77B42C3A6C70005D60EB /* Build configuration list for PBXProject "ttakkeun" */;
			developmentRegion = en;
			hasScannedForEncodings = 0;
			knownRegions = (
				en,
				Base,
			);
			mainGroup = 481C77B02C3A6C70005D60EB;
			packageReferences = (
				488158102C3C3CB6002A9CB4 /* XCRemoteSwiftPackageReference "Kingfisher" */,
				488158132C3C3CCC002A9CB4 /* XCRemoteSwiftPackageReference "Moya" */,
				F9EDA9642C648D16005872DD /* XCRemoteSwiftPackageReference "lottie-ios" */,
			);
			preferredProjectObjectVersion = 73;
			productRefGroup = 481C77BA2C3A6C70005D60EB /* Products */;
			projectDirPath = "";
			projectRoot = "";
			targets = (
				481C77B82C3A6C70005D60EB /* ttakkeun */,
			);
		};
/* End PBXProject section */

/* Begin PBXResourcesBuildPhase section */
		481C77B72C3A6C70005D60EB /* Resources */ = {
			isa = PBXResourcesBuildPhase;
			buildActionMask = 2147483647;
			files = (
				481C77C42C3A6C71005D60EB /* Preview Assets.xcassets in Resources */,
			);
			runOnlyForDeploymentPostprocessing = 0;
		};
/* End PBXResourcesBuildPhase section */

/* Begin PBXSourcesBuildPhase section */
		481C77B52C3A6C70005D60EB /* Sources */ = {
			isa = PBXSourcesBuildPhase;
			buildActionMask = 2147483647;
			files = (
			);
			runOnlyForDeploymentPostprocessing = 0;
		};
/* End PBXSourcesBuildPhase section */

/* Begin XCBuildConfiguration section */
		481C77C52C3A6C71005D60EB /* Debug */ = {
			isa = XCBuildConfiguration;
			buildSettings = {
				ALWAYS_SEARCH_USER_PATHS = NO;
				ASSETCATALOG_COMPILER_GENERATE_SWIFT_ASSET_SYMBOL_EXTENSIONS = YES;
				CLANG_ANALYZER_NONNULL = YES;
				CLANG_ANALYZER_NUMBER_OBJECT_CONVERSION = YES_AGGRESSIVE;
				CLANG_CXX_LANGUAGE_STANDARD = "gnu++20";
				CLANG_ENABLE_MODULES = YES;
				CLANG_ENABLE_OBJC_ARC = YES;
				CLANG_ENABLE_OBJC_WEAK = YES;
				CLANG_WARN_BLOCK_CAPTURE_AUTORELEASING = YES;
				CLANG_WARN_BOOL_CONVERSION = YES;
				CLANG_WARN_COMMA = YES;
				CLANG_WARN_CONSTANT_CONVERSION = YES;
				CLANG_WARN_DEPRECATED_OBJC_IMPLEMENTATIONS = YES;
				CLANG_WARN_DIRECT_OBJC_ISA_USAGE = YES_ERROR;
				CLANG_WARN_DOCUMENTATION_COMMENTS = YES;
				CLANG_WARN_EMPTY_BODY = YES;
				CLANG_WARN_ENUM_CONVERSION = YES;
				CLANG_WARN_INFINITE_RECURSION = YES;
				CLANG_WARN_INT_CONVERSION = YES;
				CLANG_WARN_NON_LITERAL_NULL_CONVERSION = YES;
				CLANG_WARN_OBJC_IMPLICIT_RETAIN_SELF = YES;
				CLANG_WARN_OBJC_LITERAL_CONVERSION = YES;
				CLANG_WARN_OBJC_ROOT_CLASS = YES_ERROR;
				CLANG_WARN_QUOTED_INCLUDE_IN_FRAMEWORK_HEADER = YES;
				CLANG_WARN_RANGE_LOOP_ANALYSIS = YES;
				CLANG_WARN_STRICT_PROTOTYPES = YES;
				CLANG_WARN_SUSPICIOUS_MOVE = YES;
				CLANG_WARN_UNGUARDED_AVAILABILITY = YES_AGGRESSIVE;
				CLANG_WARN_UNREACHABLE_CODE = YES;
				CLANG_WARN__DUPLICATE_METHOD_MATCH = YES;
				COPY_PHASE_STRIP = NO;
				DEBUG_INFORMATION_FORMAT = dwarf;
				ENABLE_STRICT_OBJC_MSGSEND = YES;
				ENABLE_TESTABILITY = YES;
				ENABLE_USER_SCRIPT_SANDBOXING = YES;
				GCC_C_LANGUAGE_STANDARD = gnu17;
				GCC_DYNAMIC_NO_PIC = NO;
				GCC_NO_COMMON_BLOCKS = YES;
				GCC_OPTIMIZATION_LEVEL = 0;
				GCC_PREPROCESSOR_DEFINITIONS = (
					"DEBUG=1",
					"$(inherited)",
				);
				GCC_WARN_64_TO_32_BIT_CONVERSION = YES;
				GCC_WARN_ABOUT_RETURN_TYPE = YES_ERROR;
				GCC_WARN_UNDECLARED_SELECTOR = YES;
				GCC_WARN_UNINITIALIZED_AUTOS = YES_AGGRESSIVE;
				GCC_WARN_UNUSED_FUNCTION = YES;
				GCC_WARN_UNUSED_VARIABLE = YES;
				IPHONEOS_DEPLOYMENT_TARGET = 18.0;
				LOCALIZATION_PREFERS_STRING_CATALOGS = YES;
				MTL_ENABLE_DEBUG_INFO = INCLUDE_SOURCE;
				MTL_FAST_MATH = YES;
				ONLY_ACTIVE_ARCH = YES;
				SDKROOT = iphoneos;
				SWIFT_ACTIVE_COMPILATION_CONDITIONS = "DEBUG $(inherited)";
				SWIFT_OPTIMIZATION_LEVEL = "-Onone";
				SWIFT_VERSION = "";
			};
			name = Debug;
		};
		481C77C62C3A6C71005D60EB /* Release */ = {
			isa = XCBuildConfiguration;
			buildSettings = {
				ALWAYS_SEARCH_USER_PATHS = NO;
				ASSETCATALOG_COMPILER_GENERATE_SWIFT_ASSET_SYMBOL_EXTENSIONS = YES;
				CLANG_ANALYZER_NONNULL = YES;
				CLANG_ANALYZER_NUMBER_OBJECT_CONVERSION = YES_AGGRESSIVE;
				CLANG_CXX_LANGUAGE_STANDARD = "gnu++20";
				CLANG_ENABLE_MODULES = YES;
				CLANG_ENABLE_OBJC_ARC = YES;
				CLANG_ENABLE_OBJC_WEAK = YES;
				CLANG_WARN_BLOCK_CAPTURE_AUTORELEASING = YES;
				CLANG_WARN_BOOL_CONVERSION = YES;
				CLANG_WARN_COMMA = YES;
				CLANG_WARN_CONSTANT_CONVERSION = YES;
				CLANG_WARN_DEPRECATED_OBJC_IMPLEMENTATIONS = YES;
				CLANG_WARN_DIRECT_OBJC_ISA_USAGE = YES_ERROR;
				CLANG_WARN_DOCUMENTATION_COMMENTS = YES;
				CLANG_WARN_EMPTY_BODY = YES;
				CLANG_WARN_ENUM_CONVERSION = YES;
				CLANG_WARN_INFINITE_RECURSION = YES;
				CLANG_WARN_INT_CONVERSION = YES;
				CLANG_WARN_NON_LITERAL_NULL_CONVERSION = YES;
				CLANG_WARN_OBJC_IMPLICIT_RETAIN_SELF = YES;
				CLANG_WARN_OBJC_LITERAL_CONVERSION = YES;
				CLANG_WARN_OBJC_ROOT_CLASS = YES_ERROR;
				CLANG_WARN_QUOTED_INCLUDE_IN_FRAMEWORK_HEADER = YES;
				CLANG_WARN_RANGE_LOOP_ANALYSIS = YES;
				CLANG_WARN_STRICT_PROTOTYPES = YES;
				CLANG_WARN_SUSPICIOUS_MOVE = YES;
				CLANG_WARN_UNGUARDED_AVAILABILITY = YES_AGGRESSIVE;
				CLANG_WARN_UNREACHABLE_CODE = YES;
				CLANG_WARN__DUPLICATE_METHOD_MATCH = YES;
				COPY_PHASE_STRIP = NO;
				DEBUG_INFORMATION_FORMAT = "dwarf-with-dsym";
				ENABLE_NS_ASSERTIONS = NO;
				ENABLE_STRICT_OBJC_MSGSEND = YES;
				ENABLE_USER_SCRIPT_SANDBOXING = YES;
				GCC_C_LANGUAGE_STANDARD = gnu17;
				GCC_NO_COMMON_BLOCKS = YES;
				GCC_WARN_64_TO_32_BIT_CONVERSION = YES;
				GCC_WARN_ABOUT_RETURN_TYPE = YES_ERROR;
				GCC_WARN_UNDECLARED_SELECTOR = YES;
				GCC_WARN_UNINITIALIZED_AUTOS = YES_AGGRESSIVE;
				GCC_WARN_UNUSED_FUNCTION = YES;
				GCC_WARN_UNUSED_VARIABLE = YES;
				IPHONEOS_DEPLOYMENT_TARGET = 18.0;
				LOCALIZATION_PREFERS_STRING_CATALOGS = YES;
				MTL_ENABLE_DEBUG_INFO = NO;
				MTL_FAST_MATH = YES;
				SDKROOT = iphoneos;
				SWIFT_COMPILATION_MODE = wholemodule;
				SWIFT_VERSION = "";
				VALIDATE_PRODUCT = YES;
			};
			name = Release;
		};
		481C77C82C3A6C71005D60EB /* Debug */ = {
			isa = XCBuildConfiguration;
			buildSettings = {
				ASSETCATALOG_COMPILER_APPICON_NAME = AppIcon;
				ASSETCATALOG_COMPILER_GLOBAL_ACCENT_COLOR_NAME = AccentColor;
				CODE_SIGN_ENTITLEMENTS = ttakkeun/ttakkeun.entitlements;
				CODE_SIGN_STYLE = Automatic;
				CURRENT_PROJECT_VERSION = 1;
				DEVELOPMENT_ASSET_PATHS = "\"ttakkeun/Preview Content\"";
				DEVELOPMENT_TEAM = 8B8B4462NV;
				ENABLE_PREVIEWS = YES;
				GENERATE_INFOPLIST_FILE = YES;
				INFOPLIST_FILE = ttakkeun/Info.plist;
				INFOPLIST_KEY_UIApplicationSceneManifest_Generation = YES;
				INFOPLIST_KEY_UIApplicationSupportsIndirectInputEvents = YES;
				INFOPLIST_KEY_UILaunchScreen_Generation = YES;
				INFOPLIST_KEY_UISupportedInterfaceOrientations_iPad = "UIInterfaceOrientationPortrait UIInterfaceOrientationPortraitUpsideDown UIInterfaceOrientationLandscapeLeft UIInterfaceOrientationLandscapeRight";
				INFOPLIST_KEY_UISupportedInterfaceOrientations_iPhone = "UIInterfaceOrientationPortrait UIInterfaceOrientationLandscapeLeft UIInterfaceOrientationLandscapeRight";
				LD_RUNPATH_SEARCH_PATHS = (
					"$(inherited)",
					"@executable_path/Frameworks",
				);
				MARKETING_VERSION = 1.0;
				PRODUCT_BUNDLE_IDENTIFIER = com.app.ttakkeun;
				PRODUCT_NAME = "$(TARGET_NAME)";
				SWIFT_EMIT_LOC_STRINGS = YES;
				SWIFT_VERSION = 6.0;
				TARGETED_DEVICE_FAMILY = "1,2";
			};
			name = Debug;
		};
		481C77C92C3A6C71005D60EB /* Release */ = {
			isa = XCBuildConfiguration;
			buildSettings = {
				ASSETCATALOG_COMPILER_APPICON_NAME = AppIcon;
				ASSETCATALOG_COMPILER_GLOBAL_ACCENT_COLOR_NAME = AccentColor;
				CODE_SIGN_ENTITLEMENTS = ttakkeun/ttakkeun.entitlements;
				CODE_SIGN_STYLE = Automatic;
				CURRENT_PROJECT_VERSION = 1;
				DEVELOPMENT_ASSET_PATHS = "\"ttakkeun/Preview Content\"";
				DEVELOPMENT_TEAM = 8B8B4462NV;
				ENABLE_PREVIEWS = YES;
				GENERATE_INFOPLIST_FILE = YES;
				INFOPLIST_FILE = ttakkeun/Info.plist;
				INFOPLIST_KEY_UIApplicationSceneManifest_Generation = YES;
				INFOPLIST_KEY_UIApplicationSupportsIndirectInputEvents = YES;
				INFOPLIST_KEY_UILaunchScreen_Generation = YES;
				INFOPLIST_KEY_UISupportedInterfaceOrientations_iPad = "UIInterfaceOrientationPortrait UIInterfaceOrientationPortraitUpsideDown UIInterfaceOrientationLandscapeLeft UIInterfaceOrientationLandscapeRight";
				INFOPLIST_KEY_UISupportedInterfaceOrientations_iPhone = "UIInterfaceOrientationPortrait UIInterfaceOrientationLandscapeLeft UIInterfaceOrientationLandscapeRight";
				LD_RUNPATH_SEARCH_PATHS = (
					"$(inherited)",
					"@executable_path/Frameworks",
				);
				MARKETING_VERSION = 1.0;
				PRODUCT_BUNDLE_IDENTIFIER = com.app.ttakkeun;
				PRODUCT_NAME = "$(TARGET_NAME)";
				SWIFT_EMIT_LOC_STRINGS = YES;
				SWIFT_VERSION = 6.0;
				TARGETED_DEVICE_FAMILY = "1,2";
			};
			name = Release;
		};
/* End XCBuildConfiguration section */

/* Begin XCConfigurationList section */
		481C77B42C3A6C70005D60EB /* Build configuration list for PBXProject "ttakkeun" */ = {
			isa = XCConfigurationList;
			buildConfigurations = (
				481C77C52C3A6C71005D60EB /* Debug */,
				481C77C62C3A6C71005D60EB /* Release */,
			);
			defaultConfigurationIsVisible = 0;
			defaultConfigurationName = Release;
		};
		481C77C72C3A6C71005D60EB /* Build configuration list for PBXNativeTarget "ttakkeun" */ = {
			isa = XCConfigurationList;
			buildConfigurations = (
				481C77C82C3A6C71005D60EB /* Debug */,
				481C77C92C3A6C71005D60EB /* Release */,
			);
			defaultConfigurationIsVisible = 0;
			defaultConfigurationName = Release;
		};
/* End XCConfigurationList section */

/* Begin XCRemoteSwiftPackageReference section */
		488158102C3C3CB6002A9CB4 /* XCRemoteSwiftPackageReference "Kingfisher" */ = {
			isa = XCRemoteSwiftPackageReference;
			repositoryURL = "https://github.com/onevcat/Kingfisher";
			requirement = {
				kind = upToNextMajorVersion;
				minimumVersion = 7.12.0;
			};
		};
		488158132C3C3CCC002A9CB4 /* XCRemoteSwiftPackageReference "Moya" */ = {
			isa = XCRemoteSwiftPackageReference;
			repositoryURL = "https://github.com/Moya/Moya.git";
			requirement = {
				kind = upToNextMajorVersion;
				minimumVersion = 15.0.3;
			};
		};
		F9EDA9642C648D16005872DD /* XCRemoteSwiftPackageReference "lottie-ios" */ = {
			isa = XCRemoteSwiftPackageReference;
			repositoryURL = "https://github.com/airbnb/lottie-ios";
			requirement = {
				kind = upToNextMajorVersion;
				minimumVersion = 4.5.0;
			};
		};
/* End XCRemoteSwiftPackageReference section */

/* Begin XCSwiftPackageProductDependency section */
		488158112C3C3CB6002A9CB4 /* Kingfisher */ = {
			isa = XCSwiftPackageProductDependency;
			package = 488158102C3C3CB6002A9CB4 /* XCRemoteSwiftPackageReference "Kingfisher" */;
			productName = Kingfisher;
		};
		488158142C3C3CCC002A9CB4 /* CombineMoya */ = {
			isa = XCSwiftPackageProductDependency;
			package = 488158132C3C3CCC002A9CB4 /* XCRemoteSwiftPackageReference "Moya" */;
			productName = CombineMoya;
		};
		488158162C3C3CCC002A9CB4 /* Moya */ = {
			isa = XCSwiftPackageProductDependency;
			package = 488158132C3C3CCC002A9CB4 /* XCRemoteSwiftPackageReference "Moya" */;
			productName = Moya;
		};
		488158182C3C3CCC002A9CB4 /* ReactiveMoya */ = {
			isa = XCSwiftPackageProductDependency;
			package = 488158132C3C3CCC002A9CB4 /* XCRemoteSwiftPackageReference "Moya" */;
			productName = ReactiveMoya;
		};
		4881581A2C3C3CCC002A9CB4 /* RxMoya */ = {
			isa = XCSwiftPackageProductDependency;
			package = 488158132C3C3CCC002A9CB4 /* XCRemoteSwiftPackageReference "Moya" */;
			productName = RxMoya;
		};
		F9EDA9652C648D16005872DD /* Lottie */ = {
			isa = XCSwiftPackageProductDependency;
			package = F9EDA9642C648D16005872DD /* XCRemoteSwiftPackageReference "lottie-ios" */;
			productName = Lottie;
		};
/* End XCSwiftPackageProductDependency section */
	};
	rootObject = 481C77B12C3A6C70005D60EB /* Project object */;
}
