// !$*UTF8*$!
{
	archiveVersion = 1;
	classes = {
	};
	objectVersion = 90;
	objects = {

/* Begin PBXBuildFile section */
		482FB98C2CC958B300BB964B /* Lottie in Frameworks */ = {isa = PBXBuildFile; productRef = 482FB98B2CC958B300BB964B /* Lottie */; };
		482FB9982CC958E600BB964B /* Kingfisher in Frameworks */ = {isa = PBXBuildFile; productRef = 482FB9972CC958E600BB964B /* Kingfisher */; };
		482FBA6E2CC95DBD00BB964B /* CombineMoya in Frameworks */ = {isa = PBXBuildFile; productRef = 482FBA6D2CC95DBD00BB964B /* CombineMoya */; };
		482FBA702CC95DBD00BB964B /* Moya in Frameworks */ = {isa = PBXBuildFile; productRef = 482FBA6F2CC95DBD00BB964B /* Moya */; };
		482FBA722CC95DBD00BB964B /* ReactiveMoya in Frameworks */ = {isa = PBXBuildFile; productRef = 482FBA712CC95DBD00BB964B /* ReactiveMoya */; };
		482FBA742CC95DBD00BB964B /* RxMoya in Frameworks */ = {isa = PBXBuildFile; productRef = 482FBA732CC95DBD00BB964B /* RxMoya */; };
		48969A5E2CF8A8C600C038B5 /* FloatingButton in Frameworks */ = {isa = PBXBuildFile; productRef = 48969A5D2CF8A8C600C038B5 /* FloatingButton */; };
/* End PBXBuildFile section */

/* Begin PBXFileReference section */
		482FB9792CC9588E00BB964B /* ttakkeun.app */ = {isa = PBXFileReference; explicitFileType = wrapper.application; includeInIndex = 0; path = ttakkeun.app; sourceTree = BUILT_PRODUCTS_DIR; };
/* End PBXFileReference section */

/* Begin PBXFileSystemSynchronizedBuildFileExceptionSet section */
		482FBC502CC95E1100BB964B /* Exceptions for "ttakkeun" folder in "ttakkeun" target */ = {
			isa = PBXFileSystemSynchronizedBuildFileExceptionSet;
			membershipExceptions = (
				Info.plist,
				Network/Util/Secret.xcconfig,
			);
			target = 482FB9782CC9588E00BB964B /* ttakkeun */;
		};
/* End PBXFileSystemSynchronizedBuildFileExceptionSet section */

/* Begin PBXFileSystemSynchronizedRootGroup section */
		482FB97B2CC9588E00BB964B /* ttakkeun */ = {
			isa = PBXFileSystemSynchronizedRootGroup;
			exceptions = (
				482FBC502CC95E1100BB964B /* Exceptions for "ttakkeun" folder in "ttakkeun" target */,
			);
			path = ttakkeun;
			sourceTree = "<group>";
		};
/* End PBXFileSystemSynchronizedRootGroup section */

/* Begin PBXFrameworksBuildPhase section */
		482FB9762CC9588E00BB964B /* Frameworks */ = {
			isa = PBXFrameworksBuildPhase;
			files = (
				482FBA742CC95DBD00BB964B /* RxMoya in Frameworks */,
				48969A5E2CF8A8C600C038B5 /* FloatingButton in Frameworks */,
				482FB9982CC958E600BB964B /* Kingfisher in Frameworks */,
				482FB98C2CC958B300BB964B /* Lottie in Frameworks */,
				482FBA702CC95DBD00BB964B /* Moya in Frameworks */,
				482FBA722CC95DBD00BB964B /* ReactiveMoya in Frameworks */,
				482FBA6E2CC95DBD00BB964B /* CombineMoya in Frameworks */,
			);
		};
/* End PBXFrameworksBuildPhase section */

/* Begin PBXGroup section */
		482FB9702CC9588E00BB964B = {
			isa = PBXGroup;
			children = (
				482FB97B2CC9588E00BB964B /* ttakkeun */,
				482FB97A2CC9588E00BB964B /* Products */,
			);
			sourceTree = "<group>";
		};
		482FB97A2CC9588E00BB964B /* Products */ = {
			isa = PBXGroup;
			children = (
				482FB9792CC9588E00BB964B /* ttakkeun.app */,
			);
			name = Products;
			sourceTree = "<group>";
		};
/* End PBXGroup section */

/* Begin PBXNativeTarget section */
		482FB9782CC9588E00BB964B /* ttakkeun */ = {
			isa = PBXNativeTarget;
			buildConfigurationList = 482FB9872CC9588F00BB964B /* Build configuration list for PBXNativeTarget "ttakkeun" */;
			buildPhases = (
				482FB9752CC9588E00BB964B /* Sources */,
				482FB9762CC9588E00BB964B /* Frameworks */,
				482FB9772CC9588E00BB964B /* Resources */,
			);
			buildRules = (
			);
			fileSystemSynchronizedGroups = (
				482FB97B2CC9588E00BB964B /* ttakkeun */,
			);
			name = ttakkeun;
			packageProductDependencies = (
				482FB98B2CC958B300BB964B /* Lottie */,
				482FB9972CC958E600BB964B /* Kingfisher */,
				482FBA6D2CC95DBD00BB964B /* CombineMoya */,
				482FBA6F2CC95DBD00BB964B /* Moya */,
				482FBA712CC95DBD00BB964B /* ReactiveMoya */,
				482FBA732CC95DBD00BB964B /* RxMoya */,
				48969A5D2CF8A8C600C038B5 /* FloatingButton */,
			);
			productName = ttakkeun;
			productReference = 482FB9792CC9588E00BB964B /* ttakkeun.app */;
			productType = "com.apple.product-type.application";
		};
/* End PBXNativeTarget section */

/* Begin PBXProject section */
		482FB9712CC9588E00BB964B /* Project object */ = {
			isa = PBXProject;
			attributes = {
				BuildIndependentTargetsInParallel = 1;
				LastSwiftUpdateCheck = 1600;
				LastUpgradeCheck = 2600;
				TargetAttributes = {
					482FB9782CC9588E00BB964B = {
						CreatedOnToolsVersion = 16.0;
					};
				};
			};
			buildConfigurationList = 482FB9742CC9588E00BB964B /* Build configuration list for PBXProject "ttakkeun" */;
			developmentRegion = ko;
			hasScannedForEncodings = 0;
			knownRegions = (
				en,
				Base,
				ko,
			);
			mainGroup = 482FB9702CC9588E00BB964B;
			minimizedProjectReferenceProxies = 1;
			packageReferences = (
				482FB98A2CC958B300BB964B /* XCRemoteSwiftPackageReference "lottie-spm" */,
				482FB9962CC958E600BB964B /* XCRemoteSwiftPackageReference "Kingfisher" */,
				482FBA6C2CC95DBD00BB964B /* XCRemoteSwiftPackageReference "Moya" */,
				48969A5C2CF8A8C600C038B5 /* XCRemoteSwiftPackageReference "FloatingButton" */,
			);
			preferredProjectObjectVersion = 90;
			productRefGroup = 482FB97A2CC9588E00BB964B /* Products */;
			projectDirPath = "";
			projectRoot = "";
			targets = (
				482FB9782CC9588E00BB964B /* ttakkeun */,
			);
		};
/* End PBXProject section */

/* Begin PBXResourcesBuildPhase section */
		482FB9772CC9588E00BB964B /* Resources */ = {
			isa = PBXResourcesBuildPhase;
			files = (
			);
		};
/* End PBXResourcesBuildPhase section */

/* Begin PBXSourcesBuildPhase section */
		482FB9752CC9588E00BB964B /* Sources */ = {
			isa = PBXSourcesBuildPhase;
			files = (
			);
		};
/* End PBXSourcesBuildPhase section */

/* Begin XCBuildConfiguration section */
		482FB9852CC9588F00BB964B /* Debug configuration for PBXProject "ttakkeun" */ = {
			isa = XCBuildConfiguration;
			buildSettings = {
				ALWAYS_SEARCH_USER_PATHS = NO;
				ASSETCATALOG_COMPILER_GENERATE_SWIFT_ASSET_SYMBOL_EXTENSIONS = YES;
				CLANG_ANALYZER_LOCALIZABILITY_NONLOCALIZED = YES;
				CLANG_ANALYZER_NONNULL = YES;
				CLANG_ANALYZER_NUMBER_OBJECT_CONVERSION = YES_AGGRESSIVE;
				CLANG_CXX_LANGUAGE_STANDARD = "gnu++20";
				CLANG_ENABLE_MODULES = YES;
				CLANG_ENABLE_OBJC_ARC = YES;
				CLANG_ENABLE_OBJC_WEAK = YES;
				CLANG_WARN_BLOCK_CAPTURE_AUTORELEASING = YES;
				CLANG_WARN_BOOL_CONVERSION = YES;
				CLANG_WARN_COMMA = YES;
				CLANG_WARN_CONSTANT_CONVERSION = YES;
				CLANG_WARN_DEPRECATED_OBJC_IMPLEMENTATIONS = YES;
				CLANG_WARN_DIRECT_OBJC_ISA_USAGE = YES_ERROR;
				CLANG_WARN_DOCUMENTATION_COMMENTS = YES;
				CLANG_WARN_EMPTY_BODY = YES;
				CLANG_WARN_ENUM_CONVERSION = YES;
				CLANG_WARN_INFINITE_RECURSION = YES;
				CLANG_WARN_INT_CONVERSION = YES;
				CLANG_WARN_NON_LITERAL_NULL_CONVERSION = YES;
				CLANG_WARN_OBJC_IMPLICIT_RETAIN_SELF = YES;
				CLANG_WARN_OBJC_LITERAL_CONVERSION = YES;
				CLANG_WARN_OBJC_ROOT_CLASS = YES_ERROR;
				CLANG_WARN_QUOTED_INCLUDE_IN_FRAMEWORK_HEADER = YES;
				CLANG_WARN_RANGE_LOOP_ANALYSIS = YES;
				CLANG_WARN_STRICT_PROTOTYPES = YES;
				CLANG_WARN_SUSPICIOUS_MOVE = YES;
				CLANG_WARN_UNGUARDED_AVAILABILITY = YES_AGGRESSIVE;
				CLANG_WARN_UNREACHABLE_CODE = YES;
				CLANG_WARN__DUPLICATE_METHOD_MATCH = YES;
				COPY_PHASE_STRIP = NO;
				DEBUG_INFORMATION_FORMAT = dwarf;
				DEVELOPMENT_TEAM = 8B8B4462NV;
				ENABLE_STRICT_OBJC_MSGSEND = YES;
				ENABLE_TESTABILITY = YES;
				ENABLE_USER_SCRIPT_SANDBOXING = YES;
				GCC_C_LANGUAGE_STANDARD = gnu17;
				GCC_DYNAMIC_NO_PIC = NO;
				GCC_NO_COMMON_BLOCKS = YES;
				GCC_OPTIMIZATION_LEVEL = 0;
				GCC_PREPROCESSOR_DEFINITIONS = (
					"DEBUG=1",
					"$(inherited)",
				);
				GCC_WARN_64_TO_32_BIT_CONVERSION = YES;
				GCC_WARN_ABOUT_RETURN_TYPE = YES_ERROR;
				GCC_WARN_UNDECLARED_SELECTOR = YES;
				GCC_WARN_UNINITIALIZED_AUTOS = YES_AGGRESSIVE;
				GCC_WARN_UNUSED_FUNCTION = YES;
				GCC_WARN_UNUSED_VARIABLE = YES;
				IPHONEOS_DEPLOYMENT_TARGET = 18.0;
				LOCALIZATION_PREFERS_STRING_CATALOGS = YES;
				MTL_ENABLE_DEBUG_INFO = INCLUDE_SOURCE;
				MTL_FAST_MATH = YES;
				ONLY_ACTIVE_ARCH = YES;
				SDKROOT = iphoneos;
				STRING_CATALOG_GENERATE_SYMBOLS = YES;
				SWIFT_ACTIVE_COMPILATION_CONDITIONS = "DEBUG $(inherited)";
				SWIFT_OPTIMIZATION_LEVEL = "-Onone";
			};
			name = Debug;
		};
		482FB9862CC9588F00BB964B /* Release configuration for PBXProject "ttakkeun" */ = {
			isa = XCBuildConfiguration;
			buildSettings = {
				ALWAYS_SEARCH_USER_PATHS = NO;
				ASSETCATALOG_COMPILER_GENERATE_SWIFT_ASSET_SYMBOL_EXTENSIONS = YES;
				CLANG_ANALYZER_LOCALIZABILITY_NONLOCALIZED = YES;
				CLANG_ANALYZER_NONNULL = YES;
				CLANG_ANALYZER_NUMBER_OBJECT_CONVERSION = YES_AGGRESSIVE;
				CLANG_CXX_LANGUAGE_STANDARD = "gnu++20";
				CLANG_ENABLE_MODULES = YES;
				CLANG_ENABLE_OBJC_ARC = YES;
				CLANG_ENABLE_OBJC_WEAK = YES;
				CLANG_WARN_BLOCK_CAPTURE_AUTORELEASING = YES;
				CLANG_WARN_BOOL_CONVERSION = YES;
				CLANG_WARN_COMMA = YES;
				CLANG_WARN_CONSTANT_CONVERSION = YES;
				CLANG_WARN_DEPRECATED_OBJC_IMPLEMENTATIONS = YES;
				CLANG_WARN_DIRECT_OBJC_ISA_USAGE = YES_ERROR;
				CLANG_WARN_DOCUMENTATION_COMMENTS = YES;
				CLANG_WARN_EMPTY_BODY = YES;
				CLANG_WARN_ENUM_CONVERSION = YES;
				CLANG_WARN_INFINITE_RECURSION = YES;
				CLANG_WARN_INT_CONVERSION = YES;
				CLANG_WARN_NON_LITERAL_NULL_CONVERSION = YES;
				CLANG_WARN_OBJC_IMPLICIT_RETAIN_SELF = YES;
				CLANG_WARN_OBJC_LITERAL_CONVERSION = YES;
				CLANG_WARN_OBJC_ROOT_CLASS = YES_ERROR;
				CLANG_WARN_QUOTED_INCLUDE_IN_FRAMEWORK_HEADER = YES;
				CLANG_WARN_RANGE_LOOP_ANALYSIS = YES;
				CLANG_WARN_STRICT_PROTOTYPES = YES;
				CLANG_WARN_SUSPICIOUS_MOVE = YES;
				CLANG_WARN_UNGUARDED_AVAILABILITY = YES_AGGRESSIVE;
				CLANG_WARN_UNREACHABLE_CODE = YES;
				CLANG_WARN__DUPLICATE_METHOD_MATCH = YES;
				COPY_PHASE_STRIP = NO;
				DEBUG_INFORMATION_FORMAT = "dwarf-with-dsym";
				DEVELOPMENT_TEAM = 8B8B4462NV;
				ENABLE_NS_ASSERTIONS = NO;
				ENABLE_STRICT_OBJC_MSGSEND = YES;
				ENABLE_USER_SCRIPT_SANDBOXING = YES;
				GCC_C_LANGUAGE_STANDARD = gnu17;
				GCC_NO_COMMON_BLOCKS = YES;
				GCC_WARN_64_TO_32_BIT_CONVERSION = YES;
				GCC_WARN_ABOUT_RETURN_TYPE = YES_ERROR;
				GCC_WARN_UNDECLARED_SELECTOR = YES;
				GCC_WARN_UNINITIALIZED_AUTOS = YES_AGGRESSIVE;
				GCC_WARN_UNUSED_FUNCTION = YES;
				GCC_WARN_UNUSED_VARIABLE = YES;
				IPHONEOS_DEPLOYMENT_TARGET = 18.0;
				LOCALIZATION_PREFERS_STRING_CATALOGS = YES;
				MTL_ENABLE_DEBUG_INFO = NO;
				MTL_FAST_MATH = YES;
				SDKROOT = iphoneos;
				STRING_CATALOG_GENERATE_SYMBOLS = YES;
				SWIFT_COMPILATION_MODE = wholemodule;
				VALIDATE_PRODUCT = YES;
			};
			name = Release;
		};
		482FB9882CC9588F00BB964B /* Debug configuration for PBXNativeTarget "ttakkeun" */ = {
			isa = XCBuildConfiguration;
			baseConfigurationReferenceAnchor = 482FB97B2CC9588E00BB964B /* ttakkeun */;
			baseConfigurationReferenceRelativePath = Network/Util/Secret.xcconfig;
			buildSettings = {
				ASSETCATALOG_COMPILER_APPICON_NAME = AppIcon;
				ASSETCATALOG_COMPILER_GLOBAL_ACCENT_COLOR_NAME = AccentColor;
				CODE_SIGN_ENTITLEMENTS = ttakkeun/ttakkeun.entitlements;
				CODE_SIGN_STYLE = Automatic;
				CURRENT_PROJECT_VERSION = 5;
				DEVELOPMENT_ASSET_PATHS = "\"ttakkeun/Preview Content\"";
				ENABLE_PREVIEWS = YES;
				GENERATE_INFOPLIST_FILE = YES;
				INFOPLIST_FILE = ttakkeun/Info.plist;
				INFOPLIST_KEY_CFBundleDisplayName = "따끈";
				INFOPLIST_KEY_LSApplicationCategoryType = "public.app-category.lifestyle";
				INFOPLIST_KEY_UIApplicationSceneManifest_Generation = YES;
				INFOPLIST_KEY_UIApplicationSupportsIndirectInputEvents = YES;
				INFOPLIST_KEY_UILaunchScreen_Generation = YES;
				INFOPLIST_KEY_UISupportedInterfaceOrientations = UIInterfaceOrientationPortrait;
				INFOPLIST_KEY_UISupportedInterfaceOrientations_iPad = "UIInterfaceOrientationLandscapeLeft UIInterfaceOrientationLandscapeRight UIInterfaceOrientationPortrait UIInterfaceOrientationPortraitUpsideDown";
				INFOPLIST_KEY_UIUserInterfaceStyle = Light;
				IPHONEOS_DEPLOYMENT_TARGET = 26.0;
				LD_RUNPATH_SEARCH_PATHS = (
					"$(inherited)",
					"@executable_path/Frameworks",
				);
				MARKETING_VERSION = 1.0.0;
				PRODUCT_BUNDLE_IDENTIFIER = com.umc.ttakkeun;
				PRODUCT_NAME = "$(TARGET_NAME)";
				SUPPORTED_PLATFORMS = "iphoneos iphonesimulator";
				SUPPORTS_MACCATALYST = NO;
				SUPPORTS_MAC_DESIGNED_FOR_IPHONE_IPAD = NO;
				SUPPORTS_XR_DESIGNED_FOR_IPHONE_IPAD = NO;
				SWIFT_EMIT_LOC_STRINGS = YES;
				SWIFT_VERSION = 5.0;
				TARGETED_DEVICE_FAMILY = 1;
			};
			name = Debug;
		};
		482FB9892CC9588F00BB964B /* Release configuration for PBXNativeTarget "ttakkeun" */ = {
			isa = XCBuildConfiguration;
			baseConfigurationReferenceAnchor = 482FB97B2CC9588E00BB964B /* ttakkeun */;
			baseConfigurationReferenceRelativePath = Network/Util/Secret.xcconfig;
			buildSettings = {
				ASSETCATALOG_COMPILER_APPICON_NAME = AppIcon;
				ASSETCATALOG_COMPILER_GLOBAL_ACCENT_COLOR_NAME = AccentColor;
				CODE_SIGN_ENTITLEMENTS = ttakkeun/ttakkeun.entitlements;
				CODE_SIGN_STYLE = Automatic;
				CURRENT_PROJECT_VERSION = 5;
				DEVELOPMENT_ASSET_PATHS = "\"ttakkeun/Preview Content\"";
				ENABLE_PREVIEWS = YES;
				GENERATE_INFOPLIST_FILE = YES;
				INFOPLIST_FILE = ttakkeun/Info.plist;
				INFOPLIST_KEY_CFBundleDisplayName = "따끈";
				INFOPLIST_KEY_LSApplicationCategoryType = "public.app-category.lifestyle";
				INFOPLIST_KEY_UIApplicationSceneManifest_Generation = YES;
				INFOPLIST_KEY_UIApplicationSupportsIndirectInputEvents = YES;
				INFOPLIST_KEY_UILaunchScreen_Generation = YES;
				INFOPLIST_KEY_UISupportedInterfaceOrientations = UIInterfaceOrientationPortrait;
				INFOPLIST_KEY_UISupportedInterfaceOrientations_iPad = "UIInterfaceOrientationLandscapeLeft UIInterfaceOrientationLandscapeRight UIInterfaceOrientationPortrait UIInterfaceOrientationPortraitUpsideDown";
				INFOPLIST_KEY_UIUserInterfaceStyle = Light;
				IPHONEOS_DEPLOYMENT_TARGET = 26.0;
				LD_RUNPATH_SEARCH_PATHS = (
					"$(inherited)",
					"@executable_path/Frameworks",
				);
				MARKETING_VERSION = 1.0.0;
				PRODUCT_BUNDLE_IDENTIFIER = com.umc.ttakkeun;
				PRODUCT_NAME = "$(TARGET_NAME)";
				SUPPORTED_PLATFORMS = "iphoneos iphonesimulator";
				SUPPORTS_MACCATALYST = NO;
				SUPPORTS_MAC_DESIGNED_FOR_IPHONE_IPAD = NO;
				SUPPORTS_XR_DESIGNED_FOR_IPHONE_IPAD = NO;
				SWIFT_EMIT_LOC_STRINGS = YES;
				SWIFT_VERSION = 5.0;
				TARGETED_DEVICE_FAMILY = 1;
			};
			name = Release;
		};
/* End XCBuildConfiguration section */

/* Begin XCConfigurationList section */
		482FB9742CC9588E00BB964B /* Build configuration list for PBXProject "ttakkeun" */ = {
			isa = XCConfigurationList;
			buildConfigurations = (
				482FB9852CC9588F00BB964B /* Debug configuration for PBXProject "ttakkeun" */,
				482FB9862CC9588F00BB964B /* Release configuration for PBXProject "ttakkeun" */,
			);
			defaultConfigurationName = Release;
		};
		482FB9872CC9588F00BB964B /* Build configuration list for PBXNativeTarget "ttakkeun" */ = {
			isa = XCConfigurationList;
			buildConfigurations = (
				482FB9882CC9588F00BB964B /* Debug configuration for PBXNativeTarget "ttakkeun" */,
				482FB9892CC9588F00BB964B /* Release configuration for PBXNativeTarget "ttakkeun" */,
			);
			defaultConfigurationName = Release;
		};
/* End XCConfigurationList section */

/* Begin XCRemoteSwiftPackageReference section */
		482FB98A2CC958B300BB964B /* XCRemoteSwiftPackageReference "lottie-spm" */ = {
			isa = XCRemoteSwiftPackageReference;
			repositoryURL = "https://github.com/airbnb/lottie-spm";
			requirement = {
				kind = upToNextMajorVersion;
				minimumVersion = 4.5.0;
			};
		};
		482FB9962CC958E600BB964B /* XCRemoteSwiftPackageReference "Kingfisher" */ = {
			isa = XCRemoteSwiftPackageReference;
			repositoryURL = "https://github.com/onevcat/Kingfisher";
			requirement = {
				kind = upToNextMajorVersion;
				minimumVersion = 8.1.0;
			};
		};
		482FBA6C2CC95DBD00BB964B /* XCRemoteSwiftPackageReference "Moya" */ = {
			isa = XCRemoteSwiftPackageReference;
			repositoryURL = "https://github.com/Moya/Moya";
			requirement = {
				kind = upToNextMajorVersion;
				minimumVersion = 15.0.3;
			};
		};
		48969A5C2CF8A8C600C038B5 /* XCRemoteSwiftPackageReference "FloatingButton" */ = {
			isa = XCRemoteSwiftPackageReference;
			repositoryURL = "https://github.com/exyte/FloatingButton";
			requirement = {
				kind = upToNextMajorVersion;
				minimumVersion = 1.3.0;
			};
		};
/* End XCRemoteSwiftPackageReference section */

/* Begin XCSwiftPackageProductDependency section */
		482FB98B2CC958B300BB964B /* Lottie */ = {
			isa = XCSwiftPackageProductDependency;
			package = 482FB98A2CC958B300BB964B /* XCRemoteSwiftPackageReference "lottie-spm" */;
			productName = Lottie;
		};
		482FB9972CC958E600BB964B /* Kingfisher */ = {
			isa = XCSwiftPackageProductDependency;
			package = 482FB9962CC958E600BB964B /* XCRemoteSwiftPackageReference "Kingfisher" */;
			productName = Kingfisher;
		};
		482FBA6D2CC95DBD00BB964B /* CombineMoya */ = {
			isa = XCSwiftPackageProductDependency;
			package = 482FBA6C2CC95DBD00BB964B /* XCRemoteSwiftPackageReference "Moya" */;
			productName = CombineMoya;
		};
		482FBA6F2CC95DBD00BB964B /* Moya */ = {
			isa = XCSwiftPackageProductDependency;
			package = 482FBA6C2CC95DBD00BB964B /* XCRemoteSwiftPackageReference "Moya" */;
			productName = Moya;
		};
		482FBA712CC95DBD00BB964B /* ReactiveMoya */ = {
			isa = XCSwiftPackageProductDependency;
			package = 482FBA6C2CC95DBD00BB964B /* XCRemoteSwiftPackageReference "Moya" */;
			productName = ReactiveMoya;
		};
		482FBA732CC95DBD00BB964B /* RxMoya */ = {
			isa = XCSwiftPackageProductDependency;
			package = 482FBA6C2CC95DBD00BB964B /* XCRemoteSwiftPackageReference "Moya" */;
			productName = RxMoya;
		};
		48969A5D2CF8A8C600C038B5 /* FloatingButton */ = {
			isa = XCSwiftPackageProductDependency;
			package = 48969A5C2CF8A8C600C038B5 /* XCRemoteSwiftPackageReference "FloatingButton" */;
			productName = FloatingButton;
		};
/* End XCSwiftPackageProductDependency section */
	};
	rootObject = 482FB9712CC9588E00BB964B /* Project object */;
}
