// !$*UTF8*$!
{
	archiveVersion = 1;
	classes = {
	};
	objectVersion = 73;
	objects = {

/* Begin PBXBuildFile section */
		481C77C42C3A6C71005D60EB /* Preview Assets.xcassets in Resources */ = {isa = PBXBuildFile; fileRef = 481C77C32C3A6C71005D60EB /* Preview Assets.xcassets */; };
		488158122C3C3CB6002A9CB4 /* Kingfisher in Frameworks */ = {isa = PBXBuildFile; productRef = 488158112C3C3CB6002A9CB4 /* Kingfisher */; };
		488158152C3C3CCC002A9CB4 /* CombineMoya in Frameworks */ = {isa = PBXBuildFile; productRef = 488158142C3C3CCC002A9CB4 /* CombineMoya */; };
		488158172C3C3CCC002A9CB4 /* Moya in Frameworks */ = {isa = PBXBuildFile; productRef = 488158162C3C3CCC002A9CB4 /* Moya */; };
		488158192C3C3CCC002A9CB4 /* ReactiveMoya in Frameworks */ = {isa = PBXBuildFile; productRef = 488158182C3C3CCC002A9CB4 /* ReactiveMoya */; };
		4881581B2C3C3CCC002A9CB4 /* RxMoya in Frameworks */ = {isa = PBXBuildFile; productRef = 4881581A2C3C3CCC002A9CB4 /* RxMoya */; };
		F9EDA9662C648D16005872DD /* Lottie in Frameworks */ = {isa = PBXBuildFile; productRef = F9EDA9652C648D16005872DD /* Lottie */; };
/* End PBXBuildFile section */

/* Begin PBXFileReference section */
		481C77B92C3A6C70005D60EB /* ttakkeun.app */ = {isa = PBXFileReference; explicitFileType = wrapper.application; includeInIndex = 0; path = ttakkeun.app; sourceTree = BUILT_PRODUCTS_DIR; };
		481C77C32C3A6C71005D60EB /* Preview Assets.xcassets */ = {isa = PBXFileReference; lastKnownFileType = folder.assetcatalog; path = "Preview Assets.xcassets"; sourceTree = "<group>"; };
		4835589F2C3D0A6B006AB282 /* Info.plist */ = {isa = PBXFileReference; lastKnownFileType = text.plist; path = Info.plist; sourceTree = "<group>"; };
		48A575E02C6C85CB0083BC19 /* ttakkeun.entitlements */ = {isa = PBXFileReference; lastKnownFileType = text.plist.entitlements; path = ttakkeun.entitlements; sourceTree = "<group>"; };
/* End PBXFileReference section */

/* Begin PBXFileSystemSynchronizedBuildFileExceptionSet section */
		4831C0B92CC5FE7700989815 /* PBXFileSystemSynchronizedBuildFileExceptionSet */ = {
			isa = PBXFileSystemSynchronizedBuildFileExceptionSet;
			membershipExceptions = (
				Components/Diagnosis/AnswerButton.swift,
				Components/Diagnosis/CheckQnAComponent.swift,
				Components/Diagnosis/DiagnosisProductView.swift,
				Components/Diagnosis/DiagnosisTopbutton.swift,
				Components/Diagnosis/DiagnosisTower.swift,
				Components/Diagnosis/DiagnosticImages.swift,
				Components/Diagnosis/JournalListCard.swift,
				Components/Diagnosis/NotJournalList.swift,
				Components/Diagnosis/SelectCareButton.swift,
				Components/Diary/TodoCard.swift,
				Components/ETC/CustomAlert.swift,
				Components/ETC/CustomNavigation.swift,
				Components/ETC/CustomTextEditor.swift,
				Components/ETC/CustomTextField.swift,
				Components/ETC/FloatingButton.swift,
				Components/ETC/MainButton.swift,
				Components/ETC/TopStatusBar.swift,
				Components/Home/HomeAINotRecommend.swift,
				Components/Home/HomeAIRecommendProduct.swift,
				Components/Home/HomeBackCard.swift,
				Components/Home/HomeFrontCard.swift,
				Components/Home/HomeNotTodo.swift,
				Components/Home/HomeTodoCircle.swift,
				Components/Home/HomeUserRecommendProduct.swift,
				Components/Home/ProfileImageCard.swift,
				Components/Home/ToDoCheckList.swift,
				Components/Login/AgreementDetailSheet.swift,
				Components/Profile/BirthSelect.swift,
				Components/Profile/MakeProfileButtonCustom.swift,
				Components/Profile/MakeProfileNameTag.swift,
				Components/Profile/ProfileSelect.swift,
				Components/Profile/VarietySearch.swift,
				Components/QnA/FloatingWrtieBtn.swift,
				Components/QnA/TipContent.swift,
				Components/QnA/TopTenQuestion.swift,
				Components/QnA/WriteCategory.swift,
				Components/Recommend/ProductSheetView.swift,
				Components/Recommend/RecommendProduct.swift,
				Components/Recommend/RecommendProductbyAI.swift,
				Components/Recommend/RecommendSegment.swift,
				Components/Schedule/CustomDiary.swift,
				Components/Schedule/DiarySelectSheet.swift,
				Components/Schedule/TodoCompleteEach.swift,
				Components/Schedule/TodoControlSheet.swift,
				Components/Schedule/WeekBar.swift,
				DataModelGroup/Diagnostic/CreateDiag.swift,
				DataModelGroup/Diagnostic/DiagnosisData.swift,
				DataModelGroup/Diagnostic/DiagnosisDelete.swift,
				DataModelGroup/Diagnostic/DiagnosisResultList.swift,
				DataModelGroup/Diagnostic/DiagnosticPoint.swift,
				DataModelGroup/Diagnostic/EncodableRegistJournalData.swift,
				DataModelGroup/Diagnostic/NaverShoppingData.swift,
				DataModelGroup/Journal/CheckJournalQnA.swift,
				DataModelGroup/Journal/CreateJournalResponse.swift,
				DataModelGroup/Journal/JournalListData.swift,
				DataModelGroup/Journal/JournalQuestionsData.swift,
				DataModelGroup/Journal/RegistJournalData.swift,
				DataModelGroup/Login/AgreementData.swift,
				DataModelGroup/Login/AgreementDetailData.swift,
				DataModelGroup/Login/LoginResponseData.swift,
				DataModelGroup/Login/SignUpData.swift,
				DataModelGroup/Login/SignUpResponseData.swift,
				DataModelGroup/PetProfile/CreatePetProfileRequestData.swift,
				DataModelGroup/PetProfile/HomeProfileResponseData.swift,
				DataModelGroup/PetProfile/PetProfileData.swift,
				DataModelGroup/PetProfile/PetProfileImageData.swift,
				DataModelGroup/PetProfile/PetVarietyData.swift,
				DataModelGroup/Product/AIAndSearchProductData.swift,
				DataModelGroup/QnA/CategoryQnaJsonData.json,
				DataModelGroup/QnA/QnaFaqData.swift,
				DataModelGroup/QnA/QnaHeartChangeData.swift,
				DataModelGroup/QnA/QnaPostTipsData.swift,
				DataModelGroup/QnA/QnaTipsData.swift,
				DataModelGroup/QnA/TopTenQnaJsonData.json,
				DataModelGroup/RecommendProductData.swift,
				DataModelGroup/ResponseData.swift,
				DataModelGroup/Schedule/ScheduleInquiryData.swift,
				DataModelGroup/Schedule/TodoCompleteData.swift,
				DataModelGroup/ToDo/CorrectionTodo.swift,
				DataModelGroup/ToDo/CreateTodoData.swift,
				EnumFile/AppState.swift,
				EnumFile/DiagnosisSegment.swift,
				EnumFile/DiagnosticResultAPITarget.swift,
				EnumFile/PartItem.swift,
				EnumFile/ProfileType.swift,
				EnumFile/RecommendProductSegment.swift,
				EnumFile/TabCase.swift,
				EnumFile/TipsCategorySegment.swift,
				File/ImagePicker/HomeProfilePatchImagePicker.swift,
				File/ImagePicker/PetImagePicker.swift,
				File/ImagePicker/ProfileImageRegistPicker.swift,
				File/ImagePicker/QnaImagePicker.swift,
				File/KeyChain/KeyChainManager.swift,
				File/KeyChain/UserInfo.swift,
				File/LoginManager/AppleLoginManager.swift,
				File/LoginManager/AppleUserData.swift,
				File/Navigation/DIContainer.swift,
				File/Navigation/NavigationDestination.swift,
				File/Navigation/NavigationRouter.swift,
				File/Navigation/NavigationRoutingView.swift,
				File/Navigation/TabBarVisibilityManager.swift,
				File/PetState.swift,
				File/Protocol/HomePatchImage.swift,
				File/Protocol/ImageHandling.swift,
				File/Protocol/ObservableObjectSettable.swift,
				File/Protocol/TodoCheckProtocol.swift,
				File/TokenRefresh/AccessTokenRefresher.swift,
				File/TokenRefresh/APIManager.swift,
				File/TokenRefresh/AuthAPITarget.swift,
				File/TokenRefresh/TokenProvider.swift,
				File/TokenRefresh/TokenProviding.swift,
				File/TokenRefresh/TokenResponse.swift,
				SettingGroup/Assets.xcassets,
				SettingGroup/Color.swift,
				SettingGroup/Color.xcassets,
				SettingGroup/Fonts/Font.swift,
				SettingGroup/Fonts/HSSanTokki.ttf,
				"SettingGroup/Fonts/SUIT-Bold.otf",
				"SettingGroup/Fonts/SUIT-ExtraBold.otf",
				"SettingGroup/Fonts/SUIT-ExtraLight.otf",
				"SettingGroup/Fonts/SUIT-Heavy.otf",
				"SettingGroup/Fonts/SUIT-Light.otf",
				"SettingGroup/Fonts/SUIT-Medium.otf",
				"SettingGroup/Fonts/SUIT-Regular.otf",
				"SettingGroup/Fonts/SUIT-SemiBold.otf",
				"SettingGroup/Fonts/SUIT-Thin.otf",
				SettingGroup/Icon.swift,
				SettingGroup/KeyBoardHide.swift,
				SettingGroup/KeyboardObserver.swift,
				SettingGroup/ShadowReuse.swift,
				SettingGroup/ttakkeunApp.swift,
				ViewGroup/CreateProfileView.swift,
				ViewGroup/Diagnosis/CheckQnAView.swift,
				ViewGroup/Diagnosis/DiagnosingView.swift,
				ViewGroup/Diagnosis/DiagnosisHeader.swift,
				ViewGroup/Diagnosis/DiagnosisResultDetailView.swift,
				ViewGroup/Diagnosis/DiagnosisResultView.swift,
				ViewGroup/Diagnosis/DiagnosisView.swift,
				ViewGroup/Diagnosis/JournalListView.swift,
				ViewGroup/Diagnosis/JournalQuestionView.swift,
				ViewGroup/Diagnosis/RegistDiagnosisFlowView.swift,
				ViewGroup/Diagnosis/RegistDiagnosisPageContents.swift,
				ViewGroup/HomeTab/CompactTodo.swift,
				ViewGroup/HomeTab/ExpandTodo.swift,
				ViewGroup/HomeTab/HomeDragView.swift,
				ViewGroup/HomeTab/HomeProfileCard.swift,
				ViewGroup/HomeTab/HomeView.swift,
				ViewGroup/LoginView/AgreementView.swift,
				ViewGroup/LoginView/LoginView.swift,
				ViewGroup/LoginView/Onboarding.json,
				ViewGroup/LoginView/OnboardingView.swift,
				ViewGroup/LoginView/SignupView.swift,
				ViewGroup/MyPage/MyPageDetailView.swift,
				ViewGroup/MyPage/MyPageView.swift,
				ViewGroup/ProfileView.swift,
				ViewGroup/Qna/QnaFAQView.swift,
				ViewGroup/Qna/QnaHeaderView.swift,
				ViewGroup/Qna/QnaTipsView.swift,
				ViewGroup/Qna/QnaView.swift,
				ViewGroup/Qna/QnaWriteTipsView.swift,
				ViewGroup/Schedule/ScheduleView.swift,
				ViewGroup/Suggestion/SuggestionInitialView.swift,
				ViewGroup/Suggestion/SuggestionSearchedView.swift,
				ViewGroup/Suggestion/SuggestionView.swift,
				ViewGroup/TabView/CustomTab.swift,
				ViewGroup/TabView/TabView.swift,
				ViewModelGroup/Diagnostic/DiagnosticResultViewModel.swift,
				ViewModelGroup/Diagnostic/JournalListViewModel.swift,
				ViewModelGroup/Diary/CustomDiaryViewModel.swift,
				ViewModelGroup/Diary/TodoCheckViewModel.swift,
				ViewModelGroup/HomeProfileCardViewModel.swift,
				ViewModelGroup/MyPageViewModel.swift,
				ViewModelGroup/ProductViewModel.swift,
				ViewModelGroup/Profile/CreateProfileViewModel.swift,
				ViewModelGroup/Profile/LoginOnBoarding/AgreementViewModel.swift,
				ViewModelGroup/Profile/LoginOnBoarding/AppFlowViewModel.swift,
				ViewModelGroup/Profile/LoginOnBoarding/LoginViewModel.swift,
				ViewModelGroup/Profile/ProfileCardViewModel.swift,
				ViewModelGroup/QnA/QnaTipsViewModel.swift,
				ViewModelGroup/QnA/QnaViewModel.swift,
				ViewModelGroup/QnA/QnaWriteTipsViewModel.swift,
				ViewModelGroup/RegistJournalViewModel.swift,
				ViewModelGroup/ScheduleViewModel.swift,
				ViewModelGroup/SuggestionViewModel.swift,
			);
			target = 481C77B82C3A6C70005D60EB /* ttakkeun */;
		};
		4831C0E52CC604EA00989815 /* PBXFileSystemSynchronizedBuildFileExceptionSet */ = {
			isa = PBXFileSystemSynchronizedBuildFileExceptionSet;
			membershipExceptions = (
				APITarget/JournalAPITarget.swift,
				APITarget/PetProfileAPITarget.swift,
				APITarget/ProductRecommendAPITarget.swift,
				APITarget/QnaTipsAPITarget.swift,
				APITarget/ScheduleAPITarget.swift,
				APITarget/SuggestionAPITarget.swift,
				APITarget/TodoAPITarget.swift,
				APITarget/UserLoginAPITarget.swift,
				Util/APITargetType.swift,
			);
			target = 481C77B82C3A6C70005D60EB /* ttakkeun */;
		};
		4831C0E92CC6059D00989815 /* PBXFileSystemSynchronizedBuildFileExceptionSet */ = {
			isa = PBXFileSystemSynchronizedBuildFileExceptionSet;
			membershipExceptions = (
				UItilities/Config.swift,
				UItilities/Secret.xcconfig,
			);
			target = 481C77B82C3A6C70005D60EB /* ttakkeun */;
		};
/* End PBXFileSystemSynchronizedBuildFileExceptionSet section */

/* Begin PBXFileSystemSynchronizedRootGroup section */
		4831BF092CC5FE6D00989815 /* Dumy */ = {isa = PBXFileSystemSynchronizedRootGroup; exceptions = (4831C0B92CC5FE7700989815 /* PBXFileSystemSynchronizedBuildFileExceptionSet */, ); explicitFileTypes = {}; explicitFolders = (); path = Dumy; sourceTree = "<group>"; };
		4831C0BA2CC5FE7A00989815 /* API */ = {isa = PBXFileSystemSynchronizedRootGroup; exceptions = (4831C0E52CC604EA00989815 /* PBXFileSystemSynchronizedBuildFileExceptionSet */, ); explicitFileTypes = {}; explicitFolders = (); path = API; sourceTree = "<group>"; };
		4831C0C12CC5FEB800989815 /* Model */ = {isa = PBXFileSystemSynchronizedRootGroup; explicitFileTypes = {}; explicitFolders = (); path = Model; sourceTree = "<group>"; };
		4831C0C42CC5FF0A00989815 /* Modules */ = {isa = PBXFileSystemSynchronizedRootGroup; explicitFileTypes = {}; explicitFolders = (); path = Modules; sourceTree = "<group>"; };
		4831C0CC2CC5FFF900989815 /* Resources */ = {isa = PBXFileSystemSynchronizedRootGroup; explicitFileTypes = {}; explicitFolders = (); path = Resources; sourceTree = "<group>"; };
		4831C0CD2CC6001E00989815 /* Common */ = {isa = PBXFileSystemSynchronizedRootGroup; exceptions = (4831C0E92CC6059D00989815 /* PBXFileSystemSynchronizedBuildFileExceptionSet */, ); explicitFileTypes = {}; explicitFolders = (); path = Common; sourceTree = "<group>"; };
		4831C0E22CC6015C00989815 /* Core */ = {isa = PBXFileSystemSynchronizedRootGroup; explicitFileTypes = {}; explicitFolders = (); path = Core; sourceTree = "<group>"; };
/* End PBXFileSystemSynchronizedRootGroup section */

/* Begin PBXFrameworksBuildPhase section */
		481C77B62C3A6C70005D60EB /* Frameworks */ = {
			isa = PBXFrameworksBuildPhase;
			buildActionMask = 2147483647;
			files = (
				4881581B2C3C3CCC002A9CB4 /* RxMoya in Frameworks */,
				488158152C3C3CCC002A9CB4 /* CombineMoya in Frameworks */,
				488158192C3C3CCC002A9CB4 /* ReactiveMoya in Frameworks */,
				488158122C3C3CB6002A9CB4 /* Kingfisher in Frameworks */,
				488158172C3C3CCC002A9CB4 /* Moya in Frameworks */,
				F9EDA9662C648D16005872DD /* Lottie in Frameworks */,
			);
			runOnlyForDeploymentPostprocessing = 0;
		};
/* End PBXFrameworksBuildPhase section */

/* Begin PBXGroup section */
		481C77B02C3A6C70005D60EB = {
			isa = PBXGroup;
			children = (
				481C77BB2C3A6C70005D60EB /* ttakkeun */,
				481C77BA2C3A6C70005D60EB /* Products */,
			);
			sourceTree = "<group>";
		};
		481C77BA2C3A6C70005D60EB /* Products */ = {
			isa = PBXGroup;
			children = (
				481C77B92C3A6C70005D60EB /* ttakkeun.app */,
			);
			name = Products;
			sourceTree = "<group>";
		};
		481C77BB2C3A6C70005D60EB /* ttakkeun */ = {
			isa = PBXGroup;
			children = (
				4831C0E22CC6015C00989815 /* Core */,
				4831C0CD2CC6001E00989815 /* Common */,
				4831C0CC2CC5FFF900989815 /* Resources */,
				4831C0C42CC5FF0A00989815 /* Modules */,
				4831C0C12CC5FEB800989815 /* Model */,
				4831C0BA2CC5FE7A00989815 /* API */,
				4831BF092CC5FE6D00989815 /* Dumy */,
				48A575E02C6C85CB0083BC19 /* ttakkeun.entitlements */,
				4835589F2C3D0A6B006AB282 /* Info.plist */,
				481C77C22C3A6C71005D60EB /* Preview Content */,
			);
			path = ttakkeun;
			sourceTree = "<group>";
		};
		481C77C22C3A6C71005D60EB /* Preview Content */ = {
			isa = PBXGroup;
			children = (
				481C77C32C3A6C71005D60EB /* Preview Assets.xcassets */,
			);
			path = "Preview Content";
			sourceTree = "<group>";
		};
/* End PBXGroup section */

/* Begin PBXNativeTarget section */
		481C77B82C3A6C70005D60EB /* ttakkeun */ = {
			isa = PBXNativeTarget;
			buildConfigurationList = 481C77C72C3A6C71005D60EB /* Build configuration list for PBXNativeTarget "ttakkeun" */;
			buildPhases = (
				481C77B52C3A6C70005D60EB /* Sources */,
				481C77B62C3A6C70005D60EB /* Frameworks */,
				481C77B72C3A6C70005D60EB /* Resources */,
			);
			buildRules = (
			);
			dependencies = (
			);
			name = ttakkeun;
			packageProductDependencies = (
				488158112C3C3CB6002A9CB4 /* Kingfisher */,
				488158142C3C3CCC002A9CB4 /* CombineMoya */,
				488158162C3C3CCC002A9CB4 /* Moya */,
				488158182C3C3CCC002A9CB4 /* ReactiveMoya */,
				4881581A2C3C3CCC002A9CB4 /* RxMoya */,
				F9EDA9652C648D16005872DD /* Lottie */,
			);
			productName = ttakkeun;
			productReference = 481C77B92C3A6C70005D60EB /* ttakkeun.app */;
			productType = "com.apple.product-type.application";
		};
/* End PBXNativeTarget section */

/* Begin PBXProject section */
		481C77B12C3A6C70005D60EB /* Project object */ = {
			isa = PBXProject;
			attributes = {
				BuildIndependentTargetsInParallel = 1;
				LastSwiftUpdateCheck = 1600;
				LastUpgradeCheck = 1600;
				TargetAttributes = {
					481C77B82C3A6C70005D60EB = {
						CreatedOnToolsVersion = 16.0;
					};
				};
			};
			buildConfigurationList = 481C77B42C3A6C70005D60EB /* Build configuration list for PBXProject "ttakkeun" */;
			developmentRegion = en;
			hasScannedForEncodings = 0;
			knownRegions = (
				en,
				Base,
			);
			mainGroup = 481C77B02C3A6C70005D60EB;
			packageReferences = (
				488158102C3C3CB6002A9CB4 /* XCRemoteSwiftPackageReference "Kingfisher" */,
				488158132C3C3CCC002A9CB4 /* XCRemoteSwiftPackageReference "Moya" */,
				F9EDA9642C648D16005872DD /* XCRemoteSwiftPackageReference "lottie-ios" */,
			);
			preferredProjectObjectVersion = 73;
			productRefGroup = 481C77BA2C3A6C70005D60EB /* Products */;
			projectDirPath = "";
			projectRoot = "";
			targets = (
				481C77B82C3A6C70005D60EB /* ttakkeun */,
			);
		};
/* End PBXProject section */

/* Begin PBXResourcesBuildPhase section */
		481C77B72C3A6C70005D60EB /* Resources */ = {
			isa = PBXResourcesBuildPhase;
			buildActionMask = 2147483647;
			files = (
				481C77C42C3A6C71005D60EB /* Preview Assets.xcassets in Resources */,
			);
			runOnlyForDeploymentPostprocessing = 0;
		};
/* End PBXResourcesBuildPhase section */

/* Begin PBXSourcesBuildPhase section */
		481C77B52C3A6C70005D60EB /* Sources */ = {
			isa = PBXSourcesBuildPhase;
			buildActionMask = 2147483647;
			files = (
			);
			runOnlyForDeploymentPostprocessing = 0;
		};
/* End PBXSourcesBuildPhase section */

/* Begin XCBuildConfiguration section */
		481C77C52C3A6C71005D60EB /* Debug */ = {
			isa = XCBuildConfiguration;
			buildSettings = {
				ALWAYS_SEARCH_USER_PATHS = NO;
				ASSETCATALOG_COMPILER_GENERATE_SWIFT_ASSET_SYMBOL_EXTENSIONS = YES;
				CLANG_ANALYZER_NONNULL = YES;
				CLANG_ANALYZER_NUMBER_OBJECT_CONVERSION = YES_AGGRESSIVE;
				CLANG_CXX_LANGUAGE_STANDARD = "gnu++20";
				CLANG_ENABLE_MODULES = YES;
				CLANG_ENABLE_OBJC_ARC = YES;
				CLANG_ENABLE_OBJC_WEAK = YES;
				CLANG_WARN_BLOCK_CAPTURE_AUTORELEASING = YES;
				CLANG_WARN_BOOL_CONVERSION = YES;
				CLANG_WARN_COMMA = YES;
				CLANG_WARN_CONSTANT_CONVERSION = YES;
				CLANG_WARN_DEPRECATED_OBJC_IMPLEMENTATIONS = YES;
				CLANG_WARN_DIRECT_OBJC_ISA_USAGE = YES_ERROR;
				CLANG_WARN_DOCUMENTATION_COMMENTS = YES;
				CLANG_WARN_EMPTY_BODY = YES;
				CLANG_WARN_ENUM_CONVERSION = YES;
				CLANG_WARN_INFINITE_RECURSION = YES;
				CLANG_WARN_INT_CONVERSION = YES;
				CLANG_WARN_NON_LITERAL_NULL_CONVERSION = YES;
				CLANG_WARN_OBJC_IMPLICIT_RETAIN_SELF = YES;
				CLANG_WARN_OBJC_LITERAL_CONVERSION = YES;
				CLANG_WARN_OBJC_ROOT_CLASS = YES_ERROR;
				CLANG_WARN_QUOTED_INCLUDE_IN_FRAMEWORK_HEADER = YES;
				CLANG_WARN_RANGE_LOOP_ANALYSIS = YES;
				CLANG_WARN_STRICT_PROTOTYPES = YES;
				CLANG_WARN_SUSPICIOUS_MOVE = YES;
				CLANG_WARN_UNGUARDED_AVAILABILITY = YES_AGGRESSIVE;
				CLANG_WARN_UNREACHABLE_CODE = YES;
				CLANG_WARN__DUPLICATE_METHOD_MATCH = YES;
				COPY_PHASE_STRIP = NO;
				DEBUG_INFORMATION_FORMAT = dwarf;
				ENABLE_STRICT_OBJC_MSGSEND = YES;
				ENABLE_TESTABILITY = YES;
				ENABLE_USER_SCRIPT_SANDBOXING = YES;
				GCC_C_LANGUAGE_STANDARD = gnu17;
				GCC_DYNAMIC_NO_PIC = NO;
				GCC_NO_COMMON_BLOCKS = YES;
				GCC_OPTIMIZATION_LEVEL = 0;
				GCC_PREPROCESSOR_DEFINITIONS = (
					"DEBUG=1",
					"$(inherited)",
				);
				GCC_WARN_64_TO_32_BIT_CONVERSION = YES;
				GCC_WARN_ABOUT_RETURN_TYPE = YES_ERROR;
				GCC_WARN_UNDECLARED_SELECTOR = YES;
				GCC_WARN_UNINITIALIZED_AUTOS = YES_AGGRESSIVE;
				GCC_WARN_UNUSED_FUNCTION = YES;
				GCC_WARN_UNUSED_VARIABLE = YES;
				IPHONEOS_DEPLOYMENT_TARGET = 18.0;
				LOCALIZATION_PREFERS_STRING_CATALOGS = YES;
				MTL_ENABLE_DEBUG_INFO = INCLUDE_SOURCE;
				MTL_FAST_MATH = YES;
				ONLY_ACTIVE_ARCH = YES;
				SDKROOT = iphoneos;
				SWIFT_ACTIVE_COMPILATION_CONDITIONS = "DEBUG $(inherited)";
				SWIFT_OPTIMIZATION_LEVEL = "-Onone";
				SWIFT_VERSION = "";
			};
			name = Debug;
		};
		481C77C62C3A6C71005D60EB /* Release */ = {
			isa = XCBuildConfiguration;
			buildSettings = {
				ALWAYS_SEARCH_USER_PATHS = NO;
				ASSETCATALOG_COMPILER_GENERATE_SWIFT_ASSET_SYMBOL_EXTENSIONS = YES;
				CLANG_ANALYZER_NONNULL = YES;
				CLANG_ANALYZER_NUMBER_OBJECT_CONVERSION = YES_AGGRESSIVE;
				CLANG_CXX_LANGUAGE_STANDARD = "gnu++20";
				CLANG_ENABLE_MODULES = YES;
				CLANG_ENABLE_OBJC_ARC = YES;
				CLANG_ENABLE_OBJC_WEAK = YES;
				CLANG_WARN_BLOCK_CAPTURE_AUTORELEASING = YES;
				CLANG_WARN_BOOL_CONVERSION = YES;
				CLANG_WARN_COMMA = YES;
				CLANG_WARN_CONSTANT_CONVERSION = YES;
				CLANG_WARN_DEPRECATED_OBJC_IMPLEMENTATIONS = YES;
				CLANG_WARN_DIRECT_OBJC_ISA_USAGE = YES_ERROR;
				CLANG_WARN_DOCUMENTATION_COMMENTS = YES;
				CLANG_WARN_EMPTY_BODY = YES;
				CLANG_WARN_ENUM_CONVERSION = YES;
				CLANG_WARN_INFINITE_RECURSION = YES;
				CLANG_WARN_INT_CONVERSION = YES;
				CLANG_WARN_NON_LITERAL_NULL_CONVERSION = YES;
				CLANG_WARN_OBJC_IMPLICIT_RETAIN_SELF = YES;
				CLANG_WARN_OBJC_LITERAL_CONVERSION = YES;
				CLANG_WARN_OBJC_ROOT_CLASS = YES_ERROR;
				CLANG_WARN_QUOTED_INCLUDE_IN_FRAMEWORK_HEADER = YES;
				CLANG_WARN_RANGE_LOOP_ANALYSIS = YES;
				CLANG_WARN_STRICT_PROTOTYPES = YES;
				CLANG_WARN_SUSPICIOUS_MOVE = YES;
				CLANG_WARN_UNGUARDED_AVAILABILITY = YES_AGGRESSIVE;
				CLANG_WARN_UNREACHABLE_CODE = YES;
				CLANG_WARN__DUPLICATE_METHOD_MATCH = YES;
				COPY_PHASE_STRIP = NO;
				DEBUG_INFORMATION_FORMAT = "dwarf-with-dsym";
				ENABLE_NS_ASSERTIONS = NO;
				ENABLE_STRICT_OBJC_MSGSEND = YES;
				ENABLE_USER_SCRIPT_SANDBOXING = YES;
				GCC_C_LANGUAGE_STANDARD = gnu17;
				GCC_NO_COMMON_BLOCKS = YES;
				GCC_WARN_64_TO_32_BIT_CONVERSION = YES;
				GCC_WARN_ABOUT_RETURN_TYPE = YES_ERROR;
				GCC_WARN_UNDECLARED_SELECTOR = YES;
				GCC_WARN_UNINITIALIZED_AUTOS = YES_AGGRESSIVE;
				GCC_WARN_UNUSED_FUNCTION = YES;
				GCC_WARN_UNUSED_VARIABLE = YES;
				IPHONEOS_DEPLOYMENT_TARGET = 18.0;
				LOCALIZATION_PREFERS_STRING_CATALOGS = YES;
				MTL_ENABLE_DEBUG_INFO = NO;
				MTL_FAST_MATH = YES;
				SDKROOT = iphoneos;
				SWIFT_COMPILATION_MODE = wholemodule;
				SWIFT_VERSION = "";
				VALIDATE_PRODUCT = YES;
			};
			name = Release;
		};
		481C77C82C3A6C71005D60EB /* Debug */ = {
			isa = XCBuildConfiguration;
			baseConfigurationReferenceAnchor = 4831C0CD2CC6001E00989815 /* Common */;
			baseConfigurationReferenceRelativePath = UItilities/Secret.xcconfig;
			buildSettings = {
				ASSETCATALOG_COMPILER_APPICON_NAME = AppIcon;
				ASSETCATALOG_COMPILER_GLOBAL_ACCENT_COLOR_NAME = AccentColor;
				CODE_SIGN_ENTITLEMENTS = ttakkeun/ttakkeun.entitlements;
				CODE_SIGN_STYLE = Automatic;
				CURRENT_PROJECT_VERSION = 1;
				DEVELOPMENT_ASSET_PATHS = "\"ttakkeun/Preview Content\"";
				DEVELOPMENT_TEAM = 8B8B4462NV;
				ENABLE_PREVIEWS = YES;
				GENERATE_INFOPLIST_FILE = YES;
				INFOPLIST_FILE = ttakkeun/Info.plist;
				INFOPLIST_KEY_UIApplicationSceneManifest_Generation = YES;
				INFOPLIST_KEY_UIApplicationSupportsIndirectInputEvents = YES;
				INFOPLIST_KEY_UILaunchScreen_Generation = YES;
				INFOPLIST_KEY_UISupportedInterfaceOrientations_iPad = "UIInterfaceOrientationPortrait UIInterfaceOrientationPortraitUpsideDown UIInterfaceOrientationLandscapeLeft UIInterfaceOrientationLandscapeRight";
				INFOPLIST_KEY_UISupportedInterfaceOrientations_iPhone = "UIInterfaceOrientationPortrait UIInterfaceOrientationLandscapeLeft UIInterfaceOrientationLandscapeRight";
				IPHONEOS_DEPLOYMENT_TARGET = 17.0;
				LD_RUNPATH_SEARCH_PATHS = (
					"$(inherited)",
					"@executable_path/Frameworks",
				);
				MARKETING_VERSION = 1.0;
				PRODUCT_BUNDLE_IDENTIFIER = com.app.ttakkeun;
				PRODUCT_NAME = "$(TARGET_NAME)";
				SWIFT_EMIT_LOC_STRINGS = YES;
				SWIFT_VERSION = 6.0;
				TARGETED_DEVICE_FAMILY = "1,2";
			};
			name = Debug;
		};
		481C77C92C3A6C71005D60EB /* Release */ = {
			isa = XCBuildConfiguration;
			baseConfigurationReferenceAnchor = 4831C0CD2CC6001E00989815 /* Common */;
			baseConfigurationReferenceRelativePath = UItilities/Secret.xcconfig;
			buildSettings = {
				ASSETCATALOG_COMPILER_APPICON_NAME = AppIcon;
				ASSETCATALOG_COMPILER_GLOBAL_ACCENT_COLOR_NAME = AccentColor;
				CODE_SIGN_ENTITLEMENTS = ttakkeun/ttakkeun.entitlements;
				CODE_SIGN_STYLE = Automatic;
				CURRENT_PROJECT_VERSION = 1;
				DEVELOPMENT_ASSET_PATHS = "\"ttakkeun/Preview Content\"";
				DEVELOPMENT_TEAM = 8B8B4462NV;
				ENABLE_PREVIEWS = YES;
				GENERATE_INFOPLIST_FILE = YES;
				INFOPLIST_FILE = ttakkeun/Info.plist;
				INFOPLIST_KEY_UIApplicationSceneManifest_Generation = YES;
				INFOPLIST_KEY_UIApplicationSupportsIndirectInputEvents = YES;
				INFOPLIST_KEY_UILaunchScreen_Generation = YES;
				INFOPLIST_KEY_UISupportedInterfaceOrientations_iPad = "UIInterfaceOrientationPortrait UIInterfaceOrientationPortraitUpsideDown UIInterfaceOrientationLandscapeLeft UIInterfaceOrientationLandscapeRight";
				INFOPLIST_KEY_UISupportedInterfaceOrientations_iPhone = "UIInterfaceOrientationPortrait UIInterfaceOrientationLandscapeLeft UIInterfaceOrientationLandscapeRight";
				IPHONEOS_DEPLOYMENT_TARGET = 17.0;
				LD_RUNPATH_SEARCH_PATHS = (
					"$(inherited)",
					"@executable_path/Frameworks",
				);
				MARKETING_VERSION = 1.0;
				PRODUCT_BUNDLE_IDENTIFIER = com.app.ttakkeun;
				PRODUCT_NAME = "$(TARGET_NAME)";
				SWIFT_EMIT_LOC_STRINGS = YES;
				SWIFT_VERSION = 6.0;
				TARGETED_DEVICE_FAMILY = "1,2";
			};
			name = Release;
		};
/* End XCBuildConfiguration section */

/* Begin XCConfigurationList section */
		481C77B42C3A6C70005D60EB /* Build configuration list for PBXProject "ttakkeun" */ = {
			isa = XCConfigurationList;
			buildConfigurations = (
				481C77C52C3A6C71005D60EB /* Debug */,
				481C77C62C3A6C71005D60EB /* Release */,
			);
			defaultConfigurationIsVisible = 0;
			defaultConfigurationName = Release;
		};
		481C77C72C3A6C71005D60EB /* Build configuration list for PBXNativeTarget "ttakkeun" */ = {
			isa = XCConfigurationList;
			buildConfigurations = (
				481C77C82C3A6C71005D60EB /* Debug */,
				481C77C92C3A6C71005D60EB /* Release */,
			);
			defaultConfigurationIsVisible = 0;
			defaultConfigurationName = Release;
		};
/* End XCConfigurationList section */

/* Begin XCRemoteSwiftPackageReference section */
		488158102C3C3CB6002A9CB4 /* XCRemoteSwiftPackageReference "Kingfisher" */ = {
			isa = XCRemoteSwiftPackageReference;
			repositoryURL = "https://github.com/onevcat/Kingfisher";
			requirement = {
				kind = upToNextMajorVersion;
				minimumVersion = 7.12.0;
			};
		};
		488158132C3C3CCC002A9CB4 /* XCRemoteSwiftPackageReference "Moya" */ = {
			isa = XCRemoteSwiftPackageReference;
			repositoryURL = "https://github.com/Moya/Moya.git";
			requirement = {
				kind = upToNextMajorVersion;
				minimumVersion = 15.0.3;
			};
		};
		F9EDA9642C648D16005872DD /* XCRemoteSwiftPackageReference "lottie-ios" */ = {
			isa = XCRemoteSwiftPackageReference;
			repositoryURL = "https://github.com/airbnb/lottie-ios";
			requirement = {
				kind = upToNextMajorVersion;
				minimumVersion = 4.5.0;
			};
		};
/* End XCRemoteSwiftPackageReference section */

/* Begin XCSwiftPackageProductDependency section */
		488158112C3C3CB6002A9CB4 /* Kingfisher */ = {
			isa = XCSwiftPackageProductDependency;
			package = 488158102C3C3CB6002A9CB4 /* XCRemoteSwiftPackageReference "Kingfisher" */;
			productName = Kingfisher;
		};
		488158142C3C3CCC002A9CB4 /* CombineMoya */ = {
			isa = XCSwiftPackageProductDependency;
			package = 488158132C3C3CCC002A9CB4 /* XCRemoteSwiftPackageReference "Moya" */;
			productName = CombineMoya;
		};
		488158162C3C3CCC002A9CB4 /* Moya */ = {
			isa = XCSwiftPackageProductDependency;
			package = 488158132C3C3CCC002A9CB4 /* XCRemoteSwiftPackageReference "Moya" */;
			productName = Moya;
		};
		488158182C3C3CCC002A9CB4 /* ReactiveMoya */ = {
			isa = XCSwiftPackageProductDependency;
			package = 488158132C3C3CCC002A9CB4 /* XCRemoteSwiftPackageReference "Moya" */;
			productName = ReactiveMoya;
		};
		4881581A2C3C3CCC002A9CB4 /* RxMoya */ = {
			isa = XCSwiftPackageProductDependency;
			package = 488158132C3C3CCC002A9CB4 /* XCRemoteSwiftPackageReference "Moya" */;
			productName = RxMoya;
		};
		F9EDA9652C648D16005872DD /* Lottie */ = {
			isa = XCSwiftPackageProductDependency;
			package = F9EDA9642C648D16005872DD /* XCRemoteSwiftPackageReference "lottie-ios" */;
			productName = Lottie;
		};
/* End XCSwiftPackageProductDependency section */
	};
	rootObject = 481C77B12C3A6C70005D60EB /* Project object */;
}
